<?xml version="1.0" encoding="utf-8"?>
<Project ToolsVersion="4.0" xmlns="http://schemas.microsoft.com/developer/msbuild/2003">
  <ItemGroup>
    <Filter Include="ソース ファイル">
      <UniqueIdentifier>{4FC737F1-C7A5-4376-A066-2A32D752A2FF}</UniqueIdentifier>
      <Extensions>cpp;c;cc;cxx;def;odl;idl;hpj;bat;asm;asmx</Extensions>
    </Filter>
    <Filter Include="ヘッダー ファイル">
      <UniqueIdentifier>{93995380-89BD-4b04-88EB-625FBE52EBFB}</UniqueIdentifier>
      <Extensions>h;hpp;hxx;hm;inl;inc;xsd</Extensions>
    </Filter>
    <Filter Include="BaseEngine">
      <UniqueIdentifier>{fe4ff290-9602-4bdb-b942-9bcb61c1bce8}</UniqueIdentifier>
    </Filter>
    <Filter Include="BaseEngine\Math">
      <UniqueIdentifier>{602b4677-d6b8-4c4e-9b62-05322e011af5}</UniqueIdentifier>
    </Filter>
    <Filter Include="BaseEngine\Math\Vector">
      <UniqueIdentifier>{e9e3329b-86a0-4c5b-8fb2-179a89fb27bd}</UniqueIdentifier>
    </Filter>
    <Filter Include="BaseEngine\Adapter">
      <UniqueIdentifier>{48775d60-b533-485d-a2ea-ae08374644e1}</UniqueIdentifier>
    </Filter>
    <Filter Include="BaseEngine\Texture">
      <UniqueIdentifier>{03863ff4-f8f1-4d2b-9ee3-a4c9323c350b}</UniqueIdentifier>
    </Filter>
    <Filter Include="BaseEngine\Common">
      <UniqueIdentifier>{2828e965-a577-413d-89c7-8a1de1beb430}</UniqueIdentifier>
    </Filter>
    <Filter Include="BaseEngine\Empty">
      <UniqueIdentifier>{c431da7f-c0c8-4be2-a062-33f4b3ae78b7}</UniqueIdentifier>
    </Filter>
    <Filter Include="BaseEngine\Texture\Mof">
      <UniqueIdentifier>{0c78b1f9-9290-41aa-a2dd-3db88ee7b17c}</UniqueIdentifier>
    </Filter>
    <Filter Include="BaseEngine\Render">
      <UniqueIdentifier>{387cc02f-2ae5-4e7b-bc83-8679d47f7e31}</UniqueIdentifier>
    </Filter>
    <Filter Include="BaseEngine\Shapes">
      <UniqueIdentifier>{cdee9ba7-6491-4b29-9321-51519e574684}</UniqueIdentifier>
    </Filter>
    <Filter Include="BaseEngine\Utilities">
      <UniqueIdentifier>{6b18e16a-bce8-4de1-a9e2-7d4abd8dc060}</UniqueIdentifier>
    </Filter>
    <Filter Include="Constexpr">
      <UniqueIdentifier>{585af6fb-1ce0-42a3-919c-9e6043f47dbb}</UniqueIdentifier>
    </Filter>
    <Filter Include="Constexpr\math">
      <UniqueIdentifier>{8ebd35c1-5c94-4baa-93c6-89af038d2595}</UniqueIdentifier>
    </Filter>
    <Filter Include="BaseEngine\physics">
      <UniqueIdentifier>{7d0e0f0a-d457-45f7-bcc8-4582254b85c7}</UniqueIdentifier>
    </Filter>
    <Filter Include="Utilities">
      <UniqueIdentifier>{cfc6ffb4-f94c-4c04-8201-ab2f72f0636a}</UniqueIdentifier>
    </Filter>
    <Filter Include="Utilities\Extensions">
      <UniqueIdentifier>{a75beb9c-fca4-4f8c-9e92-8f46a554f7a8}</UniqueIdentifier>
    </Filter>
    <Filter Include="Utilities\Extensions\Tuple">
      <UniqueIdentifier>{426f4d68-fc18-43d9-8292-d3c664d10e2e}</UniqueIdentifier>
    </Filter>
    <Filter Include="Utilities\Observable">
      <UniqueIdentifier>{1b97721b-48a6-4337-8905-2c3434fe0594}</UniqueIdentifier>
    </Filter>
    <Filter Include="Utilities\Extensions\Map">
      <UniqueIdentifier>{6cac71f4-648e-48e3-81fd-d89675c258ed}</UniqueIdentifier>
    </Filter>
    <Filter Include="BaseEngine\Object">
      <UniqueIdentifier>{09b45f67-41f2-4ddd-b5cc-2f1fe9c775a2}</UniqueIdentifier>
    </Filter>
    <Filter Include="BaseEngine\Object\ObjectDataBase">
      <UniqueIdentifier>{c5e53cc9-1e7c-485e-bcb5-f97e1fe0eebb}</UniqueIdentifier>
    </Filter>
    <Filter Include="Utilities\Frozen">
      <UniqueIdentifier>{77aedf5c-afff-4e3a-abcd-0b47932c791d}</UniqueIdentifier>
    </Filter>
    <Filter Include="Utilities\Frozen\Archive">
      <UniqueIdentifier>{d29249f3-3ec5-4390-94e4-14e9e149e0a2}</UniqueIdentifier>
    </Filter>
    <Filter Include="Utilities\Frozen\Detail">
      <UniqueIdentifier>{1b5499a3-4b8a-4bd6-b4be-bb8b234f19ef}</UniqueIdentifier>
    </Filter>
    <Filter Include="Utilities\Frozen\Types">
      <UniqueIdentifier>{ca8474b7-9632-4d6f-b793-674ad95980e3}</UniqueIdentifier>
    </Filter>
    <Filter Include="Utilities\Extensions\Enum">
      <UniqueIdentifier>{56898e89-24fb-4c5e-a46d-d7628437d555}</UniqueIdentifier>
    </Filter>
    <Filter Include="BaseEngine\Render\CameraBaseRenderer">
      <UniqueIdentifier>{d597426a-4531-49c8-b8fc-9fd5d0ca0e4b}</UniqueIdentifier>
    </Filter>
    <Filter Include="BaseEngine\Render\CanvasRenderer">
      <UniqueIdentifier>{ca742881-e499-469a-9158-4c9b3681f4cd}</UniqueIdentifier>
    </Filter>
    <Filter Include="Utilities\Extensions\Variant">
      <UniqueIdentifier>{7b5ca211-93ff-47be-bac6-2ef41f8ed522}</UniqueIdentifier>
    </Filter>
    <Filter Include="BaseEngine\Math\Point">
      <UniqueIdentifier>{e41956d6-9c5b-4a7f-8427-a640fa99979c}</UniqueIdentifier>
    </Filter>
    <Filter Include="BaseEngine\Utilities\FrozenExtension">
      <UniqueIdentifier>{6058f9b3-aceb-419d-b5d0-658b06bf326e}</UniqueIdentifier>
    </Filter>
    <Filter Include="BaseEngine\Utilities\FrozenExtension\Types">
      <UniqueIdentifier>{51085b3b-a77c-44d1-bec0-ff845ed94745}</UniqueIdentifier>
    </Filter>
    <Filter Include="リソース ファイル">
      <UniqueIdentifier>{67DA6AB6-F800-4c08-8B7A-83BB121AAD01}</UniqueIdentifier>
      <Extensions>rc;ico;cur;bmp;dlg;rc2;rct;bin;rgs;gif;jpg;jpeg;jpe;resx;tiff;tif;png;wav;mfcribbon-ms</Extensions>
    </Filter>
    <Filter Include="BaseEngine\physics\Body">
      <UniqueIdentifier>{e6750cb4-737f-402d-a6ee-792aaaf765c7}</UniqueIdentifier>
    </Filter>
    <Filter Include="BaseEngine\physics\ComponentData">
      <UniqueIdentifier>{87a53e55-de24-4f18-be76-8da8eed9fd09}</UniqueIdentifier>
    </Filter>
    <Filter Include="BaseEngine\physics\Math">
      <UniqueIdentifier>{6a14975b-ace5-4840-9cf8-081aaecc9542}</UniqueIdentifier>
    </Filter>
    <Filter Include="BaseEngine\physics\Shape">
      <UniqueIdentifier>{0884103a-c71e-4e2d-8661-ff4bada72d84}</UniqueIdentifier>
    </Filter>
    <Filter Include="Utilities\Extensions\Enum">
      <UniqueIdentifier>{56898e89-24fb-4c5e-a46d-d7628437d555}</UniqueIdentifier>
    </Filter>
    <Filter Include="BaseEngine\physics\Allocator">
      <UniqueIdentifier>{2f5c4728-ec1f-46cf-854c-239d71b83a22}</UniqueIdentifier>
    </Filter>
    <Filter Include="BaseEngine\physics\DynamicTree">
      <UniqueIdentifier>{eda2aae1-b545-4d9c-bb38-b9bf1bde0913}</UniqueIdentifier>
    </Filter>
    <Filter Include="BaseEngine\physics\World">
      <UniqueIdentifier>{2fcfc3c8-f0fc-4dd0-9b08-9e2a128c0904}</UniqueIdentifier>
    </Filter>
    <Filter Include="BaseEngine\physics\Contact">
      <UniqueIdentifier>{87593572-edab-43fa-b699-a25304ba6cad}</UniqueIdentifier>
    </Filter>
    <Filter Include="BaseEngine\physics\CallBack">
      <UniqueIdentifier>{6f53d5bc-738b-4949-83de-99190189b489}</UniqueIdentifier>
    </Filter>
    <Filter Include="BaseEngine\Render\CameraBaseRenderer">
      <UniqueIdentifier>{d597426a-4531-49c8-b8fc-9fd5d0ca0e4b}</UniqueIdentifier>
    </Filter>
    <Filter Include="BaseEngine\Render\CanvasRenderer">
      <UniqueIdentifier>{ca742881-e499-469a-9158-4c9b3681f4cd}</UniqueIdentifier>
    </Filter>
    <Filter Include="Utilities\Extensions\Variant">
      <UniqueIdentifier>{7b5ca211-93ff-47be-bac6-2ef41f8ed522}</UniqueIdentifier>
    </Filter>
    <Filter Include="BaseEngine\Math\Point">
      <UniqueIdentifier>{e41956d6-9c5b-4a7f-8427-a640fa99979c}</UniqueIdentifier>
    </Filter>
    <Filter Include="BaseEngine\Utilities\FrozenExtension">
      <UniqueIdentifier>{6058f9b3-aceb-419d-b5d0-658b06bf326e}</UniqueIdentifier>
    </Filter>
    <Filter Include="BaseEngine\Utilities\FrozenExtension\Types">
      <UniqueIdentifier>{51085b3b-a77c-44d1-bec0-ff845ed94745}</UniqueIdentifier>
    </Filter>
    <Filter Include="BaseEngine\Shader">
      <UniqueIdentifier>{a4a52628-2e8c-4e37-b661-eab1291985e8}</UniqueIdentifier>
    </Filter>
    <Filter Include="BaseEngine\Shader\MofShader">
      <UniqueIdentifier>{9b3393b0-1247-4344-98fb-ce2498b817d0}</UniqueIdentifier>
    </Filter>
    <Filter Include="BaseEngine\Shader\MofShader\Private">
      <UniqueIdentifier>{267f3c3c-c57b-470d-ad70-67681845b035}</UniqueIdentifier>
    </Filter>
    <Filter Include="BaseEngine\Shader\Effect">
      <UniqueIdentifier>{f5f43ee2-980c-4dbf-b55c-b7f6dacc5d5d}</UniqueIdentifier>
    </Filter>
    <Filter Include="BaseEngine\Scene">
      <UniqueIdentifier>{2d91453c-f868-44f8-87d5-7d82a76fac04}</UniqueIdentifier>
    </Filter>
    <Filter Include="Utilities\Becs">
      <UniqueIdentifier>{b6da5e4f-bb74-40c6-bec6-f55884dcc622}</UniqueIdentifier>
    </Filter>
    <Filter Include="Utilities\Becs\Traits">
      <UniqueIdentifier>{d527356b-03b8-4be7-b2b4-930569c1d076}</UniqueIdentifier>
    </Filter>
    <Filter Include="BaseEngine\Core">
      <UniqueIdentifier>{4b2a1b2e-2202-4fe3-ae56-f49b12f35bdf}</UniqueIdentifier>
    </Filter>
    <Filter Include="BaseEngine\Core\UUID">
      <UniqueIdentifier>{3c7bc315-2731-4e6f-b107-e9f6599e71ed}</UniqueIdentifier>
    </Filter>
    <Filter Include="BaseEngine\Scene\Entity">
      <UniqueIdentifier>{bc1b8a89-1763-4826-8e75-4240c7eb78ca}</UniqueIdentifier>
    </Filter>
    <Filter Include="BaseEngine\Math\Matrix">
      <UniqueIdentifier>{bd84a581-b072-4631-905a-f19a55d33c89}</UniqueIdentifier>
    </Filter>
    <Filter Include="BaseEngine\Math\Matrix\Matrix44">
      <UniqueIdentifier>{34ea483a-8602-4cc7-bbf5-a195b5c93a29}</UniqueIdentifier>
    </Filter>
    <Filter Include="BaseEngine\Core\Dependencies">
      <UniqueIdentifier>{ee4bba25-b02a-4ac6-8ccb-f7b2bd386382}</UniqueIdentifier>
    </Filter>
    <Filter Include="BaseEngine\Core\Macros">
      <UniqueIdentifier>{5bb50d1e-d46c-4fe3-a85d-431b8880bcce}</UniqueIdentifier>
    </Filter>
    <Filter Include="BaseEngine\Core\Macros\Assert">
      <UniqueIdentifier>{9e397704-be33-4666-a4a7-f915b68dd9ab}</UniqueIdentifier>
    </Filter>
    <Filter Include="BaseEngine\Core\Log">
      <UniqueIdentifier>{a171943f-fa0b-4efc-ac9a-306a006c82ed}</UniqueIdentifier>
    </Filter>
    <Filter Include="BaseEngine\Asset">
      <UniqueIdentifier>{03e87e06-eda9-455b-8ca0-0acf60b29e1e}</UniqueIdentifier>
    </Filter>
    <Filter Include="BaseEngine\Core\template">
      <UniqueIdentifier>{7c7a1228-259f-425c-a150-8a4aba43cb08}</UniqueIdentifier>
    </Filter>
    <Filter Include="BaseEngine\Core\template\Ref">
      <UniqueIdentifier>{36d1de2e-dc04-4bf8-b398-9dd3d76b10aa}</UniqueIdentifier>
    </Filter>
    <Filter Include="Utilities\Becs\Signal">
      <UniqueIdentifier>{e303e5bc-7629-419c-9905-7bb1f8a44ed6}</UniqueIdentifier>
    </Filter>
    <Filter Include="Utilities\Becs\Core">
      <UniqueIdentifier>{9a3f45f1-d700-4404-b2b3-c3be9f6151fc}</UniqueIdentifier>
    </Filter>
    <Filter Include="Utilities\Becs\Entity">
      <UniqueIdentifier>{66c483ae-a410-4504-9684-c2833c2a6f57}</UniqueIdentifier>
    </Filter>
    <Filter Include="BaseEngine\DataComponents">
      <UniqueIdentifier>{8345cc41-dbbe-40f9-b3c7-a1e1e2e799c7}</UniqueIdentifier>
    </Filter>
    <Filter Include="BaseEngine\DataComponents\Components">
      <UniqueIdentifier>{9aa54b83-d726-4eca-ba2c-b3c6c18baed3}</UniqueIdentifier>
    </Filter>
    <Filter Include="BaseEngine\Math\Quaternion">
      <UniqueIdentifier>{d8de87cc-92b4-4849-8599-ec2064375b5f}</UniqueIdentifier>
    </Filter>
    <Filter Include="BaseEngine\Math\Matrix\Matrix33">
      <UniqueIdentifier>{d48a332f-e387-48b6-8614-ce11150f0d6d}</UniqueIdentifier>
    </Filter>
    <Filter Include="BaseEngine\Asset\BaseEngineAssetManager">
      <UniqueIdentifier>{1a91cec2-3d00-49eb-b06d-d645bb2434d3}</UniqueIdentifier>
    </Filter>
    <Filter Include="BaseEngine\Asset\AssetImporter">
      <UniqueIdentifier>{23b67eab-e368-4154-a527-61fa9b5fc1ae}</UniqueIdentifier>
    </Filter>
    <Filter Include="BaseEngine\Script">
      <UniqueIdentifier>{23d816ad-9b26-4c44-8a51-2695f2e33801}</UniqueIdentifier>
    </Filter>
    <Filter Include="BaseEngine\Script\CSharpScript">
      <UniqueIdentifier>{52720d57-5843-401d-9e79-8cb4d81369fe}</UniqueIdentifier>
    </Filter>
    <Filter Include="BaseEngine\Script\CSharpScript\Glue">
      <UniqueIdentifier>{77f41051-ce25-4384-910d-327ebec9c3b5}</UniqueIdentifier>
    </Filter>
    <Filter Include="BaseEngine\Utilities\Types">
      <UniqueIdentifier>{3bde19d5-92e0-4728-bab9-869be8fed90f}</UniqueIdentifier>
    </Filter>
    <Filter Include="BaseEngine\Script\CSharpScript\Glue\Transform">
      <UniqueIdentifier>{7f428102-f429-4b71-8ce6-621883200d0a}</UniqueIdentifier>
    </Filter>
    <Filter Include="BaseEngine\Script\CSharpScript\Glue\Input">
      <UniqueIdentifier>{893d2835-319f-4cd7-a93b-5d8be9ec242e}</UniqueIdentifier>
    </Filter>
    <Filter Include="BaseEngine\Audio">
      <UniqueIdentifier>{0576e52d-d222-4422-9a00-dd3be6ca294d}</UniqueIdentifier>
    </Filter>
    <Filter Include="BaseEngine\Audio\Mof">
      <UniqueIdentifier>{e2b63100-5f73-44fc-b68a-7032545e6c03}</UniqueIdentifier>
    </Filter>
    <Filter Include="BaseEngine\Script\CSharpScript\Glue\Audio">
      <UniqueIdentifier>{a6c08147-6768-4fcf-ba73-db8f3098433a}</UniqueIdentifier>
    </Filter>
    <Filter Include="BaseEngine\Script\CSharpScript\Glue\Scene">
      <UniqueIdentifier>{b0bb410d-d0ef-4ccf-8db8-b283febf0627}</UniqueIdentifier>
    </Filter>
    <Filter Include="BaseEngine\Script\CSharpScript\Glue\Texture">
      <UniqueIdentifier>{68e74598-8092-4208-9dde-f0b9cd293583}</UniqueIdentifier>
    </Filter>
    <Filter Include="BaseEngine\Script\CSharpScript\Glue\Sprite">
      <UniqueIdentifier>{cdecb3c2-fa31-4f6d-b2cf-902b227f0efb}</UniqueIdentifier>
    </Filter>
    <Filter Include="BaseEngine\Script\CSharpScript\Glue\Entity">
      <UniqueIdentifier>{b93aaf52-477d-4f63-8272-09f8a027bdd1}</UniqueIdentifier>
    </Filter>
    <Filter Include="BaseEngine\Script\CSharpScript\Glue\Script">
      <UniqueIdentifier>{5137efa8-50df-4a09-8732-7a2e71ac6e70}</UniqueIdentifier>
    </Filter>
    <Filter Include="BaseEngine\DataComponents\Components\TransformComponent">
      <UniqueIdentifier>{22621b1d-d6de-45b9-ab18-7a3a9555b312}</UniqueIdentifier>
    </Filter>
    <Filter Include="BaseEngine\Debug">
      <UniqueIdentifier>{e8fd6f66-965a-4a1a-8bd6-bc189ff5ba54}</UniqueIdentifier>
    </Filter>
    <Filter Include="BaseEngine\physics\ECS">
      <UniqueIdentifier>{2fbfa59f-5932-4161-89a7-522e2be2856a}</UniqueIdentifier>
    </Filter>
    <Filter Include="BaseEngine\physics\ECS\System">
      <UniqueIdentifier>{939f647a-51c8-44d9-a720-90c66a6417e8}</UniqueIdentifier>
    </Filter>
    <Filter Include="BaseEngine\physics\ECS\Service">
      <UniqueIdentifier>{d782564f-c1ff-4367-95c3-2368c2b33f01}</UniqueIdentifier>
    </Filter>
    <Filter Include="BaseEngine\physics\ECS\Components">
      <UniqueIdentifier>{7a7bc964-b5ec-4798-b619-1af47eb8f9da}</UniqueIdentifier>
    </Filter>
    <Filter Include="BaseEngine\Core\ECS">
      <UniqueIdentifier>{629d965d-9ec6-4227-a759-00d0aa26ce64}</UniqueIdentifier>
    </Filter>
    <Filter Include="BaseEngine\physics\ECS\System\BoundingVolume">
      <UniqueIdentifier>{b6a4f93c-6583-46a0-b22d-c7c80dd85aa8}</UniqueIdentifier>
    </Filter>
    <Filter Include="BaseEngine\physics\ECS\System\Force">
      <UniqueIdentifier>{be4845c9-4513-481e-ac7b-82be97cb4fad}</UniqueIdentifier>
    </Filter>
    <Filter Include="BaseEngine\physics\ECS\System\BroadPhase">
      <UniqueIdentifier>{8e04aa61-22ae-419f-8d9f-6453af80bc14}</UniqueIdentifier>
    </Filter>
    <Filter Include="BaseEngine\physics\ECS\System\NarrowPhase">
      <UniqueIdentifier>{25342c89-9a2e-4405-b5c3-4133a3e62208}</UniqueIdentifier>
    </Filter>
    <Filter Include="BaseEngine\physics\ECS\Components\Events">
      <UniqueIdentifier>{c95dc2bc-4c2d-4c09-a597-bd7f48c28a42}</UniqueIdentifier>
    </Filter>
    <Filter Include="BaseEngine\physics\ECS\System\SolverPhase">
      <UniqueIdentifier>{6a52fb44-d049-4fa2-883a-6a7d56ffca5d}</UniqueIdentifier>
    </Filter>
    <Filter Include="BaseEngine\physics\ECS\System\ListenerPhase">
      <UniqueIdentifier>{695d4b6c-366d-4acc-bdbe-8db64646635b}</UniqueIdentifier>
    </Filter>
    <Filter Include="BaseEngine\Script\CSharpScript\Glue\Collision">
      <UniqueIdentifier>{69d39da2-8ec0-4b27-a9d8-6be6b9903505}</UniqueIdentifier>
    </Filter>
    <Filter Include="BaseEngine\Script\CSharpScript\Glue\Debug">
      <UniqueIdentifier>{fb0d149c-7789-44fa-af48-32912dca6986}</UniqueIdentifier>
    </Filter>
    <Filter Include="BaseEngine\Scene\Serializer">
      <UniqueIdentifier>{1f129fe2-64bb-43f4-a1c6-441535601051}</UniqueIdentifier>
    </Filter>
    <Filter Include="Vendor">
      <UniqueIdentifier>{dfb644a3-3c26-484e-a95c-5a06975549fa}</UniqueIdentifier>
    </Filter>
    <Filter Include="Vendor\yaml-cpp">
      <UniqueIdentifier>{ef61176a-bc6f-4578-b17e-515dbf7755d1}</UniqueIdentifier>
    </Filter>
    <Filter Include="Vendor\yaml-cpp\include">
      <UniqueIdentifier>{9ccbef10-b4a2-4cb0-bbae-721c9cf69e8a}</UniqueIdentifier>
    </Filter>
    <Filter Include="Vendor\yaml-cpp\src">
      <UniqueIdentifier>{c65d1782-0e96-4e96-b488-44d7c4b9eb61}</UniqueIdentifier>
    </Filter>
    <Filter Include="BaseEngine\Scene\Serializer\SerializeHelper">
      <UniqueIdentifier>{5674c834-a669-4f38-8756-a4dda69bad37}</UniqueIdentifier>
    </Filter>
    <Filter Include="BaseEngine\Core\Dependencies\ImGui">
      <UniqueIdentifier>{fcc35c01-c78e-4765-9fd1-f42617c38b41}</UniqueIdentifier>
    </Filter>
    <Filter Include="BaseEngine\Editor">
      <UniqueIdentifier>{725cdbcd-0e2b-47ea-941b-e14ad75c3b60}</UniqueIdentifier>
    </Filter>
    <Filter Include="BaseEngine\Editor\ImGui">
      <UniqueIdentifier>{e496da5a-48c7-4e63-b5db-6ac17a56c429}</UniqueIdentifier>
    </Filter>
    <Filter Include="BaseEngine\Editor\Panel">
      <UniqueIdentifier>{10c8e8d5-5f7f-4a3b-92e6-004323702497}</UniqueIdentifier>
    </Filter>
    <Filter Include="BaseEngine\Core\Callable">
      <UniqueIdentifier>{362c2a3b-7ff0-40a1-8eba-adf29fc90473}</UniqueIdentifier>
    </Filter>
    <Filter Include="BaseEngine\Editor\Panel\Hierarchy">
      <UniqueIdentifier>{4e2b4546-4b48-478c-8624-5a1c92d18017}</UniqueIdentifier>
    </Filter>
    <Filter Include="BaseEngine\Editor\Panel\Hierarchy\Popup">
      <UniqueIdentifier>{82fd25fa-0e0a-4c57-aebb-e02fcc40352b}</UniqueIdentifier>
    </Filter>
    <Filter Include="BaseEngine\Editor\Panel\ScenePanel">
      <UniqueIdentifier>{c0aa8db0-47e4-433a-ba9d-d507a7744143}</UniqueIdentifier>
    </Filter>
    <Filter Include="BaseEngine\Core\Input">
      <UniqueIdentifier>{0c900c9f-8e8f-4605-be43-ab6176b6935d}</UniqueIdentifier>
    </Filter>
    <Filter Include="BaseEngine\Editor\Panel\ConsolePanel">
      <UniqueIdentifier>{24384981-c4b0-434e-904c-1151cffa4e74}</UniqueIdentifier>
    </Filter>
    <Filter Include="BaseEngine\Editor\Panel\AssetsBrowser">
      <UniqueIdentifier>{3f8a4c6f-0cdb-4433-a35a-71033f077fb3}</UniqueIdentifier>
    </Filter>
    <Filter Include="BaseEngine\Utilities\FileSystem">
      <UniqueIdentifier>{8f527d1e-00a4-415c-8a71-06494facedac}</UniqueIdentifier>
    </Filter>
    <Filter Include="BaseEngine\Core\Variant">
      <UniqueIdentifier>{b9714a2f-bba2-4fcc-8978-5c9a29d4e6ee}</UniqueIdentifier>
    </Filter>
    <Filter Include="BaseEngine\Editor\Panel\InspectorPanel">
      <UniqueIdentifier>{29356c32-248f-4c9b-94c1-6f2f6a0d4a43}</UniqueIdentifier>
    </Filter>
    <Filter Include="BaseEngine\Editor\Control">
      <UniqueIdentifier>{d1c41a5e-974c-4392-a424-a6cd0499b2c0}</UniqueIdentifier>
    </Filter>
    <Filter Include="BaseEngine\Editor\Panel\InspectorPanel\Property">
      <UniqueIdentifier>{e4a190b9-890e-4c43-a2cf-b069bc87b8fc}</UniqueIdentifier>
    </Filter>
    <Filter Include="BaseEngine\Editor\Control\DragValue">
      <UniqueIdentifier>{69578b98-fd6a-4b67-8d44-2e8204054f07}</UniqueIdentifier>
    </Filter>
    <Filter Include="ソース ファイル\Main">
      <UniqueIdentifier>{16ef7d1b-6e6d-4799-aa1a-3e441b5b583a}</UniqueIdentifier>
    </Filter>
    <Filter Include="ソース ファイル\Main\GameMain">
      <UniqueIdentifier>{eb33f71c-9d97-41d9-96d2-b1d18807e5b2}</UniqueIdentifier>
    </Filter>
    <Filter Include="BaseEngine\Editor\Panel\MenubarPanel">
      <UniqueIdentifier>{527bc7ee-59bf-4b28-8a2f-e5048c4d4b40}</UniqueIdentifier>
    </Filter>
    <Filter Include="Vendor\ImGui">
      <UniqueIdentifier>{449be743-1b20-457e-a9b8-b3d11c544c25}</UniqueIdentifier>
    </Filter>
    <Filter Include="BaseEngine\Script\CSharpScript\Glue\RigidBody">
      <UniqueIdentifier>{27d6fdaf-f069-41f9-b6c6-2c9ea420adcc}</UniqueIdentifier>
    </Filter>
    <Filter Include="BaseEngine\Script\CSharpScript\Glue\Shapes">
      <UniqueIdentifier>{8bcff1c3-669a-4fe4-a4c4-4399378272b6}</UniqueIdentifier>
    </Filter>
    <Filter Include="BaseEngine\Editor\Panel\InspectorPanel\Popup">
      <UniqueIdentifier>{39b46d08-e96a-4399-8c1d-9483c0034c00}</UniqueIdentifier>
    </Filter>
    <Filter Include="Vendor\Mof">
      <UniqueIdentifier>{d0808310-ff1e-44ee-a628-afd43fed7415}</UniqueIdentifier>
    </Filter>
    <Filter Include="BaseEngine\Utilities\Dialog">
      <UniqueIdentifier>{adb8aa7e-957f-4c7a-90a8-c4a8e5d7ce4f}</UniqueIdentifier>
    </Filter>
    <Filter Include="BaseEngine\Platform">
      <UniqueIdentifier>{2aff7280-2690-4131-9bb4-0d99dd0a0093}</UniqueIdentifier>
    </Filter>
    <Filter Include="BaseEngine\Platform\Windows">
      <UniqueIdentifier>{df9e3916-9c1b-45ae-8544-e7b611e6e9fb}</UniqueIdentifier>
    </Filter>
    <Filter Include="BaseEngine\Platform\Vulkan">
      <UniqueIdentifier>{3b38a9dd-d983-42d1-8183-d6010815856a}</UniqueIdentifier>
    </Filter>
    <Filter Include="BaseEngine\Platform\Windows\Window">
      <UniqueIdentifier>{d11690a2-f2a9-4685-9cf7-865701eaf5e6}</UniqueIdentifier>
    </Filter>
    <Filter Include="BaseEngine\Core\Window">
      <UniqueIdentifier>{6e32291c-54bd-454d-9fc9-8441aeea08fa}</UniqueIdentifier>
    </Filter>
    <Filter Include="BaseEngine\Platform\Vulkan\Context">
      <UniqueIdentifier>{1e5ac67d-3622-4bcc-b5b7-5cd16906c7b5}</UniqueIdentifier>
    </Filter>
    <Filter Include="BaseEngine\Platform\Vulkan\Device">
      <UniqueIdentifier>{59f76f9a-a9c6-44a3-b6e8-147ed6bfc2e2}</UniqueIdentifier>
    </Filter>
    <Filter Include="BaseEngine\Platform\Vulkan\SwapChain">
      <UniqueIdentifier>{042b00f4-b912-423b-88e9-db6f6a4b324d}</UniqueIdentifier>
    </Filter>
    <Filter Include="BaseEngine\Render\Buffer">
      <UniqueIdentifier>{3ddfe5d3-eb2b-4818-96bc-05363c88032e}</UniqueIdentifier>
    </Filter>
    <Filter Include="BaseEngine\Platform\Vulkan\Buffer">
      <UniqueIdentifier>{a79a6e16-37c9-4185-896b-5732e3f67127}</UniqueIdentifier>
    </Filter>
    <Filter Include="BaseEngine\Render\RenderCommand">
      <UniqueIdentifier>{267d27a0-6755-4329-b495-f86b610471d2}</UniqueIdentifier>
    </Filter>
    <Filter Include="BaseEngine\Core\Thread">
      <UniqueIdentifier>{f5e8f868-e61d-403f-83ae-2cb7dcfa7d0f}</UniqueIdentifier>
    </Filter>
    <Filter Include="BaseEngine\Core\Application">
      <UniqueIdentifier>{d8cd59f1-7125-41b7-bfcd-a87fa9b5e132}</UniqueIdentifier>
    </Filter>
    <Filter Include="BaseEngine\Platform\Vulkan\ImGui">
      <UniqueIdentifier>{208b1017-4b77-4c09-824f-26e146138779}</UniqueIdentifier>
    </Filter>
    <Filter Include="BaseEngine\Platform\Vulkan\Allocator">
      <UniqueIdentifier>{bdb67ec1-315b-407f-b25c-739c37eca471}</UniqueIdentifier>
    </Filter>
    <Filter Include="BaseEngine\Platform\Vulkan\Texture">
      <UniqueIdentifier>{3c6d0818-92cf-4325-8b92-3df00626a0c7}</UniqueIdentifier>
    </Filter>
    <Filter Include="BaseEngine\Render\Material">
      <UniqueIdentifier>{8fce19e8-c8fd-4db1-88be-e4f8c38b0185}</UniqueIdentifier>
    </Filter>
    <Filter Include="BaseEngine\Render\Shader">
      <UniqueIdentifier>{65c7a40e-e42f-4603-a142-32d7deef8c21}</UniqueIdentifier>
    </Filter>
    <Filter Include="BaseEngine\Platform\Vulkan\Shader">
      <UniqueIdentifier>{8a9d2a25-9111-47bc-a60b-87e430dfbfbb}</UniqueIdentifier>
    </Filter>
    <Filter Include="BaseEngine\Platform\Vulkan\ShaderCompiler">
      <UniqueIdentifier>{1474b7ad-a704-4ef0-b2dd-fcfd215985cb}</UniqueIdentifier>
    </Filter>
    <Filter Include="BaseEngine\Platform\Vulkan\Material">
      <UniqueIdentifier>{232531bc-579c-4553-adcd-6cb39162225b}</UniqueIdentifier>
    </Filter>
    <Filter Include="BaseEngine\Platform\Vulkan\DescriptorSetManager">
      <UniqueIdentifier>{21b8190b-ee8c-44f7-ac6e-b57303d345b7}</UniqueIdentifier>
    </Filter>
    <Filter Include="BaseEngine\Render\Buffer\Vertex">
      <UniqueIdentifier>{4215103e-b7bd-4cd4-a6f6-2b055ae14476}</UniqueIdentifier>
    </Filter>
    <Filter Include="BaseEngine\Render\Buffer\Uniform">
      <UniqueIdentifier>{ce7e89cf-f1ad-47ed-ad7d-d7a36570776c}</UniqueIdentifier>
    </Filter>
    <Filter Include="BaseEngine\Platform\Vulkan\Buffer\Vertex">
      <UniqueIdentifier>{f6fa3fa8-093e-45d5-8ebf-8a8d0cefb8f9}</UniqueIdentifier>
    </Filter>
    <Filter Include="BaseEngine\Platform\Vulkan\Buffer\Uniform">
      <UniqueIdentifier>{3cec9347-edc6-46f8-a0bf-6f8a8c5d657e}</UniqueIdentifier>
    </Filter>
    <Filter Include="BaseEngine\Render\Texture">
      <UniqueIdentifier>{87687846-70f4-4a53-8c7f-463cc2ba062c}</UniqueIdentifier>
    </Filter>
    <Filter Include="BaseEngine\Platform\Vulkan\RenderCommandBuffer">
      <UniqueIdentifier>{5a02fb64-f7f7-4012-a591-09cad62bd95b}</UniqueIdentifier>
    </Filter>
    <Filter Include="BaseEngine\Render\Pipeline">
      <UniqueIdentifier>{587b1bd5-645f-4948-ad1e-cae1b4d41cd0}</UniqueIdentifier>
    </Filter>
    <Filter Include="BaseEngine\Platform\Vulkan\Pipeline">
      <UniqueIdentifier>{a23958ab-e2c7-4e37-b02c-f54f075bf2ba}</UniqueIdentifier>
    </Filter>
    <Filter Include="BaseEngine\Render\Buffer\Frame">
      <UniqueIdentifier>{490965ba-cf36-4dd7-8a90-ebd2e69b1555}</UniqueIdentifier>
    </Filter>
    <Filter Include="BaseEngine\Platform\Vulkan\Buffer\Frame">
      <UniqueIdentifier>{6b046783-35d6-4c93-8bc5-86887814a11c}</UniqueIdentifier>
    </Filter>
    <Filter Include="BaseEngine\Render\Buffer\Storage">
      <UniqueIdentifier>{a32edcc4-1807-474e-96ce-6c97643748a8}</UniqueIdentifier>
    </Filter>
    <Filter Include="BaseEngine\Render\Buffer\Index">
      <UniqueIdentifier>{ab225559-6eab-47f0-81ea-2c87d93fb8f5}</UniqueIdentifier>
    </Filter>
    <Filter Include="BaseEngine\Platform\Vulkan\Buffer\Index">
      <UniqueIdentifier>{d3c69e1d-da8e-4f5e-8be5-88d9ffd5b92b}</UniqueIdentifier>
    </Filter>
    <Filter Include="BaseEngine\Render\Camera">
      <UniqueIdentifier>{b61b89ce-02f2-4f23-b816-7f3e0279a0f8}</UniqueIdentifier>
    </Filter>
    <Filter Include="BaseEngine\Editor\Camera">
      <UniqueIdentifier>{e5d2a117-f9ac-49e2-96e8-03d9fa95f1f6}</UniqueIdentifier>
    </Filter>
    <Filter Include="BaseEngine\Audio\BEAudio">
      <UniqueIdentifier>{22ee18e4-98ba-4551-a6d5-f60abe2400f2}</UniqueIdentifier>
    </Filter>
  </ItemGroup>
  <ItemGroup>
    <ClCompile Include="WinMain.cpp">
      <Filter>ソース ファイル</Filter>
    </ClCompile>
    <ClCompile Include="GameApp.cpp">
      <Filter>ソース ファイル</Filter>
    </ClCompile>
    <ClCompile Include="Vector2.cpp">
      <Filter>BaseEngine\Math\Vector</Filter>
    </ClCompile>
    <ClCompile Include="Game.cpp">
      <Filter>ソース ファイル\Main\GameMain</Filter>
    </ClCompile>
    <ClCompile Include="IBaseEngineEmpty.cpp">
      <Filter>BaseEngine\Empty</Filter>
    </ClCompile>
    <ClCompile Include="BaseEngineCore.cpp">
      <Filter>BaseEngine\Common</Filter>
    </ClCompile>
    <ClCompile Include="IBaseEngineTexture.cpp">
      <Filter>BaseEngine\Texture</Filter>
    </ClCompile>
    <ClCompile Include="TextureMof.cpp">
      <Filter>BaseEngine\Texture\Mof</Filter>
    </ClCompile>
    <ClCompile Include="Sprite.cpp">
      <Filter>BaseEngine\Texture</Filter>
    </ClCompile>
    <ClCompile Include="VectorUtilities.cpp">
      <Filter>BaseEngine\Math\Vector</Filter>
    </ClCompile>
    <ClCompile Include="Object.cpp">
      <Filter>BaseEngine\Object</Filter>
    </ClCompile>
    <ClCompile Include="ObjectDataBase.cpp">
      <Filter>BaseEngine\Object\ObjectDataBase</Filter>
    </ClCompile>
    <ClCompile Include="WeakRefObject.cpp">
      <Filter>BaseEngine\Object</Filter>
    </ClCompile>
    <ClCompile Include="IBaseEngineRender.cpp">
      <Filter>BaseEngine\Render\CameraBaseRenderer</Filter>
    </ClCompile>
    <ClCompile Include="RenderMof.cpp">
      <Filter>BaseEngine\Render\CameraBaseRenderer</Filter>
    </ClCompile>
    <ClCompile Include="IBaseEngineCanvasRender.cpp">
      <Filter>BaseEngine\Render\CanvasRenderer</Filter>
    </ClCompile>
    <ClCompile Include="CanvasRender.cpp">
      <Filter>BaseEngine\Render\CanvasRenderer</Filter>
    </ClCompile>
    <ClCompile Include="ShaderBase.cpp">
      <Filter>BaseEngine\Shader</Filter>
    </ClCompile>
    <ClCompile Include="MofShader.cpp">
      <Filter>BaseEngine\Shader\MofShader</Filter>
    </ClCompile>
    <ClCompile Include="MofShaderImpl.cpp">
      <Filter>BaseEngine\Shader\MofShader\Private</Filter>
    </ClCompile>
    <ClCompile Include="EffectBase.cpp">
      <Filter>BaseEngine\Shader\Effect</Filter>
    </ClCompile>
    <ClCompile Include="Scene.cpp">
      <Filter>BaseEngine\Scene</Filter>
    </ClCompile>
    <ClCompile Include="UUID.cpp">
      <Filter>BaseEngine\Core\UUID</Filter>
    </ClCompile>
    <ClCompile Include="ObjectEntity.cpp">
      <Filter>BaseEngine\Scene\Entity</Filter>
    </ClCompile>
    <ClCompile Include="Matrix44.cpp">
      <Filter>BaseEngine\Math\Matrix\Matrix44</Filter>
    </ClCompile>
    <ClCompile Include="Log.cpp">
      <Filter>BaseEngine\Core\Log</Filter>
    </ClCompile>
    <ClCompile Include="Asset.cpp">
      <Filter>BaseEngine\Asset</Filter>
    </ClCompile>
    <ClCompile Include="Ref.cpp">
      <Filter>BaseEngine\Core\template\Ref</Filter>
    </ClCompile>
    <ClCompile Include="Vector3.cpp">
      <Filter>BaseEngine\Math\Vector</Filter>
    </ClCompile>
    <ClCompile Include="Quaternion.cpp">
      <Filter>BaseEngine\Math\Quaternion</Filter>
    </ClCompile>
    <ClCompile Include="Vector4.cpp">
      <Filter>BaseEngine\Math\Vector</Filter>
    </ClCompile>
    <ClCompile Include="SceneRenderer.cpp">
      <Filter>BaseEngine\Render</Filter>
    </ClCompile>
    <ClCompile Include="AssetManager.cpp">
      <Filter>BaseEngine\Asset</Filter>
    </ClCompile>
    <ClCompile Include="IBaseEngineAssetManager.cpp">
      <Filter>BaseEngine\Asset</Filter>
    </ClCompile>
    <ClCompile Include="EditorAssetManager.cpp">
      <Filter>BaseEngine\Asset\BaseEngineAssetManager</Filter>
    </ClCompile>
    <ClCompile Include="AssetImporter.cpp">
      <Filter>BaseEngine\Asset\AssetImporter</Filter>
    </ClCompile>
    <ClCompile Include="AssetRegistry.cpp">
      <Filter>BaseEngine\Asset</Filter>
    </ClCompile>
    <ClCompile Include="MonoClassTypeInfo.cpp">
      <Filter>BaseEngine\Script\CSharpScript</Filter>
    </ClCompile>
    <ClCompile Include="ScriptTypes.cpp">
      <Filter>BaseEngine\Script</Filter>
    </ClCompile>
    <ClCompile Include="CSharpInstance.cpp">
      <Filter>BaseEngine\Script\CSharpScript</Filter>
    </ClCompile>
    <ClCompile Include="CSharpScriptEngine.cpp">
      <Filter>BaseEngine\Script\CSharpScript</Filter>
    </ClCompile>
    <ClCompile Include="MofTexture.cpp">
      <Filter>BaseEngine\Texture</Filter>
    </ClCompile>
    <ClCompile Include="Texture.cpp">
      <Filter>BaseEngine\Texture</Filter>
    </ClCompile>
    <ClCompile Include="Script.cpp">
      <Filter>BaseEngine\Script</Filter>
    </ClCompile>
    <ClCompile Include="MonoGCManager.cpp">
      <Filter>BaseEngine\Script\CSharpScript</Filter>
    </ClCompile>
    <ClCompile Include="MonoScriptCash.cpp">
      <Filter>BaseEngine\Script\CSharpScript</Filter>
    </ClCompile>
    <ClCompile Include="MonoScriptUtilities.cpp">
      <Filter>BaseEngine\Script\CSharpScript</Filter>
    </ClCompile>
    <ClCompile Include="MonoGlue.cpp">
      <Filter>BaseEngine\Script\CSharpScript\Glue</Filter>
    </ClCompile>
    <ClCompile Include="TransformGlue.cpp">
      <Filter>BaseEngine\Script\CSharpScript\Glue\Transform</Filter>
    </ClCompile>
    <ClCompile Include="ManagedComponentStorage.cpp">
      <Filter>BaseEngine\Script\CSharpScript\Glue</Filter>
    </ClCompile>
    <ClCompile Include="InputGlue.cpp">
      <Filter>BaseEngine\Script\CSharpScript\Glue\Input</Filter>
    </ClCompile>
    <ClCompile Include="Audio.cpp">
      <Filter>BaseEngine\Audio</Filter>
    </ClCompile>
    <ClCompile Include="MofAudio.cpp">
      <Filter>BaseEngine\Audio\Mof</Filter>
    </ClCompile>
    <ClCompile Include="MofSoundBuffer.cpp">
      <Filter>BaseEngine\Audio\Mof</Filter>
    </ClCompile>
    <ClCompile Include="IBaseEngineAudioEngine.cpp">
      <Filter>BaseEngine\Audio</Filter>
    </ClCompile>
    <ClCompile Include="MofAudioEngine.cpp">
      <Filter>BaseEngine\Audio\Mof</Filter>
    </ClCompile>
    <ClCompile Include="AudioGlue.cpp">
      <Filter>BaseEngine\Script\CSharpScript\Glue\Audio</Filter>
    </ClCompile>
    <ClCompile Include="SceneGlue.cpp">
      <Filter>BaseEngine\Script\CSharpScript\Glue\Scene</Filter>
    </ClCompile>
    <ClCompile Include="TextureGlue.cpp">
      <Filter>BaseEngine\Script\CSharpScript\Glue\Texture</Filter>
    </ClCompile>
    <ClCompile Include="SpriteRendererGlue.cpp">
      <Filter>BaseEngine\Script\CSharpScript\Glue\Sprite</Filter>
    </ClCompile>
    <ClCompile Include="EntityGlue.cpp">
      <Filter>BaseEngine\Script\CSharpScript\Glue\Entity</Filter>
    </ClCompile>
    <ClCompile Include="ScriptGlue.cpp">
      <Filter>BaseEngine\Script\CSharpScript\Glue\Script</Filter>
    </ClCompile>
    <ClCompile Include="Matrix44Utilities.cpp">
      <Filter>BaseEngine\Math\Matrix\Matrix44</Filter>
    </ClCompile>
    <ClCompile Include="TransformComponent.cpp">
      <Filter>BaseEngine\DataComponents\Components\TransformComponent</Filter>
    </ClCompile>
    <ClCompile Include="QuaternionUtilities.cpp">
      <Filter>BaseEngine\Math\Quaternion</Filter>
    </ClCompile>
    <ClCompile Include="PhysicsObjectFactory.cpp">
      <Filter>BaseEngine\physics\ECS\Service</Filter>
    </ClCompile>
    <ClCompile Include="BodyTypeTag.cpp">
      <Filter>BaseEngine\physics\ECS\Components</Filter>
    </ClCompile>
    <ClCompile Include="ApplyStaticGravitySystem.cpp">
      <Filter>BaseEngine\physics\ECS\System\Force</Filter>
    </ClCompile>
    <ClCompile Include="IntegratePosesSystem.cpp">
      <Filter>BaseEngine\physics\ECS\System\Force</Filter>
    </ClCompile>
    <ClCompile Include="UpdateCirclesBV.cpp">
      <Filter>BaseEngine\physics\ECS\System\BoundingVolume</Filter>
    </ClCompile>
    <ClCompile Include="BroadPhaseSystem.cpp">
      <Filter>BaseEngine\physics\ECS\System\BroadPhase</Filter>
    </ClCompile>
    <ClCompile Include="ContactTesterReferenceService.cpp">
      <Filter>BaseEngine\physics\ECS\Service</Filter>
    </ClCompile>
    <ClCompile Include="PhysicsData.cpp">
      <Filter>BaseEngine\physics\ECS\Service</Filter>
    </ClCompile>
    <ClCompile Include="ContactTesterCircleCircle.cpp">
      <Filter>BaseEngine\physics\ECS\System\NarrowPhase</Filter>
    </ClCompile>
    <ClCompile Include="ContactSolverReferenceService.cpp">
      <Filter>BaseEngine\physics\ECS\Service</Filter>
    </ClCompile>
    <ClCompile Include="ContactSolverSystem.cpp">
      <Filter>BaseEngine\physics\ECS\System\SolverPhase</Filter>
    </ClCompile>
    <ClCompile Include="PhysicsTesterCommon.cpp">
      <Filter>BaseEngine\physics\ECS\Service</Filter>
    </ClCompile>
    <ClCompile Include="DynamicContactSolver.cpp">
      <Filter>BaseEngine\physics\ECS\System\SolverPhase</Filter>
    </ClCompile>
    <ClCompile Include="PhysicsSolversCommon.cpp">
      <Filter>BaseEngine\physics\ECS\Service</Filter>
    </ClCompile>
    <ClCompile Include="PhysicsContactListenerSystem.cpp">
      <Filter>BaseEngine\physics\ECS\System\ListenerPhase</Filter>
    </ClCompile>
    <ClCompile Include="DebugGlue.cpp">
      <Filter>BaseEngine\Script\CSharpScript\Glue\Debug</Filter>
    </ClCompile>
    <ClCompile Include="CollisionGlue.cpp">
      <Filter>BaseEngine\Script\CSharpScript\Glue\Collision</Filter>
    </ClCompile>
    <ClCompile Include="SceneAssetSerializer.cpp">
      <Filter>BaseEngine\Scene</Filter>
    </ClCompile>
    <ClCompile Include="SceneSerializer.cpp">
      <Filter>BaseEngine\Scene\Serializer</Filter>
    </ClCompile>
    <ClCompile Include="..\vendor\yaml-cpp\src\convert.cpp">
      <Filter>Vendor\yaml-cpp\src</Filter>
    </ClCompile>
    <ClCompile Include="..\vendor\yaml-cpp\src\depthguard.cpp">
      <Filter>Vendor\yaml-cpp\src</Filter>
    </ClCompile>
    <ClCompile Include="..\vendor\yaml-cpp\src\directives.cpp">
      <Filter>Vendor\yaml-cpp\src</Filter>
    </ClCompile>
    <ClCompile Include="..\vendor\yaml-cpp\src\emit.cpp">
      <Filter>Vendor\yaml-cpp\src</Filter>
    </ClCompile>
    <ClCompile Include="..\vendor\yaml-cpp\src\emitfromevents.cpp">
      <Filter>Vendor\yaml-cpp\src</Filter>
    </ClCompile>
    <ClCompile Include="..\vendor\yaml-cpp\src\emitter.cpp">
      <Filter>Vendor\yaml-cpp\src</Filter>
    </ClCompile>
    <ClCompile Include="..\vendor\yaml-cpp\src\emitterstate.cpp">
      <Filter>Vendor\yaml-cpp\src</Filter>
    </ClCompile>
    <ClCompile Include="..\vendor\yaml-cpp\src\emitterutils.cpp">
      <Filter>Vendor\yaml-cpp\src</Filter>
    </ClCompile>
    <ClCompile Include="..\vendor\yaml-cpp\src\exceptions.cpp">
      <Filter>Vendor\yaml-cpp\src</Filter>
    </ClCompile>
    <ClCompile Include="..\vendor\yaml-cpp\src\exp.cpp">
      <Filter>Vendor\yaml-cpp\src</Filter>
    </ClCompile>
    <ClCompile Include="..\vendor\yaml-cpp\src\memory.cpp">
      <Filter>Vendor\yaml-cpp\src</Filter>
    </ClCompile>
    <ClCompile Include="..\vendor\yaml-cpp\src\node.cpp">
      <Filter>Vendor\yaml-cpp\src</Filter>
    </ClCompile>
    <ClCompile Include="..\vendor\yaml-cpp\src\node_data.cpp">
      <Filter>Vendor\yaml-cpp\src</Filter>
    </ClCompile>
    <ClCompile Include="..\vendor\yaml-cpp\src\nodebuilder.cpp">
      <Filter>Vendor\yaml-cpp\src</Filter>
    </ClCompile>
    <ClCompile Include="..\vendor\yaml-cpp\src\nodeevents.cpp">
      <Filter>Vendor\yaml-cpp\src</Filter>
    </ClCompile>
    <ClCompile Include="..\vendor\yaml-cpp\src\null.cpp">
      <Filter>Vendor\yaml-cpp\src</Filter>
    </ClCompile>
    <ClCompile Include="..\vendor\yaml-cpp\src\ostream_wrapper.cpp">
      <Filter>Vendor\yaml-cpp\src</Filter>
    </ClCompile>
    <ClCompile Include="..\vendor\yaml-cpp\src\parse.cpp">
      <Filter>Vendor\yaml-cpp\src</Filter>
    </ClCompile>
    <ClCompile Include="..\vendor\yaml-cpp\src\parser.cpp">
      <Filter>Vendor\yaml-cpp\src</Filter>
    </ClCompile>
    <ClCompile Include="..\vendor\yaml-cpp\src\regex_yaml.cpp">
      <Filter>Vendor\yaml-cpp\src</Filter>
    </ClCompile>
    <ClCompile Include="..\vendor\yaml-cpp\src\scanner.cpp">
      <Filter>Vendor\yaml-cpp\src</Filter>
    </ClCompile>
    <ClCompile Include="..\vendor\yaml-cpp\src\scanscalar.cpp">
      <Filter>Vendor\yaml-cpp\src</Filter>
    </ClCompile>
    <ClCompile Include="..\vendor\yaml-cpp\src\scantag.cpp">
      <Filter>Vendor\yaml-cpp\src</Filter>
    </ClCompile>
    <ClCompile Include="..\vendor\yaml-cpp\src\scantoken.cpp">
      <Filter>Vendor\yaml-cpp\src</Filter>
    </ClCompile>
    <ClCompile Include="..\vendor\yaml-cpp\src\simplekey.cpp">
      <Filter>Vendor\yaml-cpp\src</Filter>
    </ClCompile>
    <ClCompile Include="..\vendor\yaml-cpp\src\singledocparser.cpp">
      <Filter>Vendor\yaml-cpp\src</Filter>
    </ClCompile>
    <ClCompile Include="..\vendor\yaml-cpp\src\stream.cpp">
      <Filter>Vendor\yaml-cpp\src</Filter>
    </ClCompile>
    <ClCompile Include="..\vendor\yaml-cpp\src\tag.cpp">
      <Filter>Vendor\yaml-cpp\src</Filter>
    </ClCompile>
    <ClCompile Include="..\vendor\yaml-cpp\src\contrib\graphbuilder.cpp">
      <Filter>Vendor\yaml-cpp\src</Filter>
    </ClCompile>
    <ClCompile Include="..\vendor\yaml-cpp\src\contrib\graphbuilderadapter.cpp">
      <Filter>Vendor\yaml-cpp\src</Filter>
    </ClCompile>
    <ClCompile Include="..\vendor\yaml-cpp\src\binary.cpp">
      <Filter>Vendor\yaml-cpp\src</Filter>
    </ClCompile>
    <ClCompile Include="SetupEditorImGui.cpp">
      <Filter>BaseEngine\Editor\ImGui</Filter>
    </ClCompile>
    <ClCompile Include="EditorLayer.cpp">
      <Filter>BaseEngine\Editor</Filter>
    </ClCompile>
    <ClCompile Include="EditorPanel.cpp">
      <Filter>BaseEngine\Editor\Panel</Filter>
    </ClCompile>
    <ClCompile Include="Callable.cpp">
      <Filter>BaseEngine\Core\Callable</Filter>
    </ClCompile>
    <ClCompile Include="MethodBind.cpp">
      <Filter>BaseEngine\Core\Callable</Filter>
    </ClCompile>
    <ClCompile Include="Connection.cpp">
      <Filter>BaseEngine\Core\Callable</Filter>
    </ClCompile>
    <ClCompile Include="ConnectableObject.cpp">
      <Filter>BaseEngine\Core\Callable</Filter>
    </ClCompile>
    <ClCompile Include="EditorPanelManager.cpp">
      <Filter>BaseEngine\Editor</Filter>
    </ClCompile>
    <ClCompile Include="SelectManager.cpp">
      <Filter>BaseEngine\Editor\Panel</Filter>
    </ClCompile>
    <ClCompile Include="ImGuiVariantHelper.cpp">
      <Filter>BaseEngine\Editor\ImGui</Filter>
    </ClCompile>
    <ClCompile Include="ImGuiAssetHelper.cpp">
      <Filter>BaseEngine\Editor\ImGui</Filter>
    </ClCompile>
    <ClCompile Include="HierarchyPanel.cpp">
      <Filter>BaseEngine\Editor\Panel\Hierarchy</Filter>
    </ClCompile>
    <ClCompile Include="HierarchyContextMenu.cpp">
      <Filter>BaseEngine\Editor\Panel\Hierarchy\Popup</Filter>
    </ClCompile>
    <ClCompile Include="IFieldStorage.cpp">
      <Filter>BaseEngine\Script\CSharpScript</Filter>
    </ClCompile>
    <ClCompile Include="ToolbarPanel.cpp">
      <Filter>BaseEngine\Editor\Panel\ScenePanel</Filter>
    </ClCompile>
    <ClCompile Include="BaseEngineInput.cpp">
      <Filter>BaseEngine\Core\Input</Filter>
    </ClCompile>
    <ClCompile Include="ConsolePanel.cpp">
      <Filter>BaseEngine\Editor\Panel\ConsolePanel</Filter>
    </ClCompile>
    <ClCompile Include="EditorConsoleSink.cpp">
      <Filter>BaseEngine\Editor\Panel\ConsolePanel</Filter>
    </ClCompile>
    <ClCompile Include="ConsoleMessage.cpp">
      <Filter>BaseEngine\Editor\Panel\ConsolePanel</Filter>
    </ClCompile>
    <ClCompile Include="Prefab.cpp">
      <Filter>BaseEngine\Scene\Entity</Filter>
    </ClCompile>
    <ClCompile Include="ImGuiArchive.cpp">
      <Filter>BaseEngine\Editor\ImGui</Filter>
    </ClCompile>
    <ClCompile Include="AssetsBrowserPanel.cpp">
      <Filter>BaseEngine\Editor\Panel\AssetsBrowser</Filter>
    </ClCompile>
    <ClCompile Include="AssetsBrowserItems.cpp">
      <Filter>BaseEngine\Editor\Panel\AssetsBrowser</Filter>
    </ClCompile>
    <ClCompile Include="EditorTextureResource.cpp">
      <Filter>BaseEngine\Editor</Filter>
    </ClCompile>
    <ClCompile Include="AssetsBrowserSetting.cpp">
      <Filter>BaseEngine\Editor\Panel\AssetsBrowser</Filter>
    </ClCompile>
    <ClCompile Include="FileSystem.cpp">
      <Filter>BaseEngine\Utilities\FileSystem</Filter>
    </ClCompile>
    <ClCompile Include="ComponentDB.cpp">
      <Filter>BaseEngine\DataComponents</Filter>
    </ClCompile>
    <ClCompile Include="Variant.cpp">
      <Filter>BaseEngine\Core\Variant</Filter>
    </ClCompile>
    <ClCompile Include="TagComponent.cpp">
      <Filter>BaseEngine\DataComponents\Components</Filter>
    </ClCompile>
    <ClCompile Include="SpriteRendererComponent.cpp">
      <Filter>BaseEngine\DataComponents\Components</Filter>
    </ClCompile>
    <ClCompile Include="ScriptComponent.cpp">
      <Filter>BaseEngine\DataComponents\Components</Filter>
    </ClCompile>
    <ClCompile Include="AudioComponent.cpp">
      <Filter>BaseEngine\DataComponents\Components</Filter>
    </ClCompile>
    <ClCompile Include="InspectorPanel.cpp">
      <Filter>BaseEngine\Editor\Panel\InspectorPanel</Filter>
    </ClCompile>
    <ClCompile Include="EditorControl.cpp">
      <Filter>BaseEngine\Editor\Control</Filter>
    </ClCompile>
    <ClCompile Include="EditorLabel.cpp">
      <Filter>BaseEngine\Editor\Control</Filter>
    </ClCompile>
    <ClCompile Include="EditorProperty.cpp">
      <Filter>BaseEngine\Editor\Panel\InspectorPanel\Property</Filter>
    </ClCompile>
    <ClCompile Include="EditorProperties.cpp">
      <Filter>BaseEngine\Editor\Panel\InspectorPanel\Property</Filter>
    </ClCompile>
    <ClCompile Include="EditorCheckBox.cpp">
      <Filter>BaseEngine\Editor\Control</Filter>
    </ClCompile>
    <ClCompile Include="InspectorUtilities.cpp">
      <Filter>BaseEngine\Editor\Panel\InspectorPanel</Filter>
    </ClCompile>
    <ClCompile Include="EditorAssetPicker.cpp">
      <Filter>BaseEngine\Editor\Control</Filter>
    </ClCompile>
    <ClCompile Include="EditorButton.cpp">
      <Filter>BaseEngine\Editor\Control</Filter>
    </ClCompile>
    <ClCompile Include="ImGuiUtilities.cpp">
      <Filter>BaseEngine\Editor\ImGui</Filter>
    </ClCompile>
    <ClCompile Include="EditorDragValueFloat.cpp">
      <Filter>BaseEngine\Editor\Control\DragValue</Filter>
    </ClCompile>
    <ClCompile Include="EditorDragValueInt.cpp">
      <Filter>BaseEngine\Editor\Control\DragValue</Filter>
    </ClCompile>
    <ClCompile Include="ShapeComponents.cpp">
      <Filter>BaseEngine\physics\ECS\Components</Filter>
    </ClCompile>
    <ClCompile Include="BodyMask.cpp">
      <Filter>BaseEngine\physics\ECS\Components</Filter>
    </ClCompile>
    <ClCompile Include="MenuBarPanel.cpp">
      <Filter>BaseEngine\Editor\Panel\MenubarPanel</Filter>
    </ClCompile>
    <ClCompile Include="EditorTextBox.cpp">
      <Filter>BaseEngine\Editor\Control</Filter>
    </ClCompile>
    <ClCompile Include="..\vendor\imgui\misc\cpp\imgui_stdlib.cpp">
      <Filter>Vendor\ImGui</Filter>
    </ClCompile>
    <ClCompile Include="RigidBodyComponent.cpp">
      <Filter>BaseEngine\physics\ECS\Components</Filter>
    </ClCompile>
    <ClCompile Include="VelocityComponent.cpp">
      <Filter>BaseEngine\physics\ECS\Components</Filter>
    </ClCompile>
    <ClCompile Include="RigidBodyGlue.cpp">
      <Filter>BaseEngine\Script\CSharpScript\Glue\RigidBody</Filter>
    </ClCompile>
    <ClCompile Include="ShapesGlue.cpp">
      <Filter>BaseEngine\Script\CSharpScript\Glue\Shapes</Filter>
    </ClCompile>
    <ClCompile Include="EditorContextMenu.cpp">
      <Filter>BaseEngine\Editor\Control</Filter>
    </ClCompile>
    <ClCompile Include="InspectorContextMenu.cpp">
      <Filter>BaseEngine\Editor\Panel\InspectorPanel\Popup</Filter>
    </ClCompile>
    <ClCompile Include="FileDialog.cpp">
      <Filter>BaseEngine\Utilities\Dialog</Filter>
    </ClCompile>
    <ClCompile Include="FileFilter.cpp">
      <Filter>BaseEngine\Utilities\Dialog</Filter>
    </ClCompile>
    <ClCompile Include="BaseEngineRenderer.cpp">
      <Filter>BaseEngine\Render</Filter>
    </ClCompile>
    <ClCompile Include="Platform\Windows\Window.cpp">
      <Filter>BaseEngine\Platform\Windows\Window</Filter>
    </ClCompile>
    <ClCompile Include="Platform\Windows\WindowFactory.cpp">
      <Filter>BaseEngine\Platform\Windows\Window</Filter>
    </ClCompile>
    <ClCompile Include="RendererContext.cpp">
      <Filter>BaseEngine\Render</Filter>
    </ClCompile>
    <ClCompile Include="VulkanContext.cpp">
      <Filter>BaseEngine\Platform\Vulkan\Context</Filter>
    </ClCompile>
    <ClCompile Include="VulkanUtilities.cpp">
      <Filter>BaseEngine\Platform\Vulkan</Filter>
    </ClCompile>
    <ClCompile Include="VulkanDevice.cpp">
      <Filter>BaseEngine\Platform\Vulkan\Device</Filter>
    </ClCompile>
    <ClCompile Include="VulkanRendererContext.cpp">
      <Filter>BaseEngine\Platform\Vulkan</Filter>
    </ClCompile>
    <ClCompile Include="VulkanSwapChain.cpp">
      <Filter>BaseEngine\Platform\Vulkan\SwapChain</Filter>
    </ClCompile>
    <ClCompile Include="RendererApi.cpp">
      <Filter>BaseEngine\Render</Filter>
    </ClCompile>
    <ClCompile Include="VulkanRenderer.cpp">
      <Filter>BaseEngine\Platform\Vulkan</Filter>
    </ClCompile>
    <ClCompile Include="RendererSubmit.cpp">
      <Filter>BaseEngine\Render</Filter>
    </ClCompile>
    <ClCompile Include="RenderCommandQueue.cpp">
      <Filter>BaseEngine\Render\RenderCommand</Filter>
    </ClCompile>
    <ClCompile Include="RenderThread.cpp">
      <Filter>BaseEngine\Render</Filter>
    </ClCompile>
    <ClCompile Include="Thread.cpp">
      <Filter>BaseEngine\Core\Thread</Filter>
    </ClCompile>
    <ClCompile Include="Application.cpp">
      <Filter>BaseEngine\Core\Application</Filter>
    </ClCompile>
    <ClCompile Include="VulkanImGuiLayer.cpp">
      <Filter>BaseEngine\Platform\Vulkan\ImGui</Filter>
    </ClCompile>
    <ClCompile Include="VulkanAllocator.cpp">
      <Filter>BaseEngine\Platform\Vulkan\Allocator</Filter>
    </ClCompile>
    <ClCompile Include="SpriteRenderer.cpp">
      <Filter>BaseEngine\Platform\Vulkan</Filter>
    </ClCompile>
    <ClCompile Include="VulkanTexture.cpp">
      <Filter>BaseEngine\Platform\Vulkan\Texture</Filter>
    </ClCompile>
    <ClCompile Include="Material.cpp">
      <Filter>BaseEngine\Render\Material</Filter>
    </ClCompile>
    <ClCompile Include="Shader.cpp">
      <Filter>BaseEngine\Render\Shader</Filter>
    </ClCompile>
    <ClCompile Include="VulkanShader.cpp">
      <Filter>BaseEngine\Platform\Vulkan\Shader</Filter>
    </ClCompile>
    <ClCompile Include="VulkanShaderCompiler.cpp">
      <Filter>BaseEngine\Platform\Vulkan\ShaderCompiler</Filter>
    </ClCompile>
    <ClCompile Include="VulkanShaderUtilities.cpp">
      <Filter>BaseEngine\Platform\Vulkan\Shader</Filter>
    </ClCompile>
    <ClCompile Include="VulkanMaterial.cpp">
      <Filter>BaseEngine\Platform\Vulkan\Material</Filter>
    </ClCompile>
    <ClCompile Include="DescriptorSetManager.cpp">
      <Filter>BaseEngine\Platform\Vulkan\DescriptorSetManager</Filter>
    </ClCompile>
    <ClCompile Include="VertexBuffer.cpp">
      <Filter>BaseEngine\Render\Buffer\Vertex</Filter>
    </ClCompile>
    <ClCompile Include="UniformBuffer.cpp">
      <Filter>BaseEngine\Render\Buffer\Uniform</Filter>
    </ClCompile>
    <ClCompile Include="UniformBufferSet.cpp">
      <Filter>BaseEngine\Render\Buffer\Uniform</Filter>
    </ClCompile>
    <ClCompile Include="VulkanVertexBuffer.cpp">
      <Filter>BaseEngine\Platform\Vulkan\Buffer\Vertex</Filter>
    </ClCompile>
    <ClCompile Include="VulkanUniformBuffer.cpp">
      <Filter>BaseEngine\Platform\Vulkan\Buffer\Uniform</Filter>
    </ClCompile>
    <ClCompile Include="VulkanUniformBufferSet.cpp">
      <Filter>BaseEngine\Platform\Vulkan\Buffer\Uniform</Filter>
    </ClCompile>
    <ClCompile Include="RendererTexture.cpp">
      <Filter>BaseEngine\Render\Texture</Filter>
    </ClCompile>
    <ClCompile Include="Image.cpp">
      <Filter>BaseEngine\Render\Texture</Filter>
    </ClCompile>
    <ClCompile Include="VulkanImage.cpp">
      <Filter>BaseEngine\Platform\Vulkan\Texture</Filter>
    </ClCompile>
    <ClCompile Include="VulkanAPI.cpp">
      <Filter>BaseEngine\Platform\Vulkan</Filter>
    </ClCompile>
    <ClCompile Include="RendererStats.cpp">
      <Filter>BaseEngine\Render</Filter>
    </ClCompile>
    <ClCompile Include="TextureImporter.cpp">
      <Filter>BaseEngine\Asset\AssetImporter</Filter>
    </ClCompile>
    <ClCompile Include="RenderCommandBuffer.cpp">
      <Filter>BaseEngine\Render</Filter>
    </ClCompile>
    <ClCompile Include="VulkanRenderCommandBuffer.cpp">
      <Filter>BaseEngine\Platform\Vulkan\RenderCommandBuffer</Filter>
    </ClCompile>
    <ClCompile Include="Renderer2D.cpp">
      <Filter>BaseEngine\Render</Filter>
    </ClCompile>
    <ClCompile Include="Pipeline.cpp">
      <Filter>BaseEngine\Render\Pipeline</Filter>
    </ClCompile>
    <ClCompile Include="RenderPass.cpp">
      <Filter>BaseEngine\Render\Pipeline</Filter>
    </ClCompile>
    <ClCompile Include="VulkanRenderPass.cpp">
      <Filter>BaseEngine\Platform\Vulkan\Pipeline</Filter>
    </ClCompile>
    <ClCompile Include="VulkanRenderPipeline.cpp">
      <Filter>BaseEngine\Platform\Vulkan\Pipeline</Filter>
    </ClCompile>
    <ClCompile Include="FrameBuffer.cpp">
      <Filter>BaseEngine\Render\Buffer\Frame</Filter>
    </ClCompile>
    <ClCompile Include="VulkanFrameBuffer.cpp">
      <Filter>BaseEngine\Platform\Vulkan\Buffer\Frame</Filter>
    </ClCompile>
    <ClCompile Include="StorageBuffer.cpp">
      <Filter>BaseEngine\Render\Buffer\Storage</Filter>
    </ClCompile>
    <ClCompile Include="IndexBuffer.cpp">
      <Filter>BaseEngine\Render\Buffer\Index</Filter>
    </ClCompile>
    <ClCompile Include="VulkanIndexBuffer.cpp">
      <Filter>BaseEngine\Platform\Vulkan\Buffer\Index</Filter>
    </ClCompile>
    <ClCompile Include="Camera.cpp">
      <Filter>BaseEngine\Render\Camera</Filter>
    </ClCompile>
    <ClCompile Include="EditorCamera.cpp">
      <Filter>BaseEngine\Editor\Camera</Filter>
    </ClCompile>
    <ClCompile Include="BEAudio.cpp">
      <Filter>BaseEngine\Audio\BEAudio</Filter>
    </ClCompile>
    <ClCompile Include="BEAudioEngine.cpp">
      <Filter>BaseEngine\Audio\BEAudio</Filter>
    </ClCompile>
    <ClCompile Include="BESoundBuffer.cpp">
      <Filter>BaseEngine\Audio\BEAudio</Filter>
    </ClCompile>
  </ItemGroup>
  <ItemGroup>
    <ClInclude Include="GameApp.h">
      <Filter>ソース ファイル</Filter>
    </ClInclude>
    <ClInclude Include="Vector2.h">
      <Filter>BaseEngine\Math\Vector</Filter>
    </ClInclude>
    <ClInclude Include="Game.h">
      <Filter>ソース ファイル\Main\GameMain</Filter>
    </ClInclude>
    <ClInclude Include="Adapter.h">
      <Filter>BaseEngine\Adapter</Filter>
    </ClInclude>
    <ClInclude Include="BaseEngineCore.h">
      <Filter>BaseEngine\Common</Filter>
    </ClInclude>
    <ClInclude Include="EngineComponent.h">
      <Filter>BaseEngine\Common</Filter>
    </ClInclude>
    <ClInclude Include="IBaseEngineEmpty.h">
      <Filter>BaseEngine\Empty</Filter>
    </ClInclude>
    <ClInclude Include="BaseEngineEmpty.h">
      <Filter>BaseEngine\Empty</Filter>
    </ClInclude>
    <ClInclude Include="IBaseEngineTexture.h">
      <Filter>BaseEngine\Texture</Filter>
    </ClInclude>
    <ClInclude Include="TextureMof.h">
      <Filter>BaseEngine\Texture\Mof</Filter>
    </ClInclude>
    <ClInclude Include="Sprite.h">
      <Filter>BaseEngine\Texture</Filter>
    </ClInclude>
    <ClInclude Include="YesNo.h">
      <Filter>BaseEngine\Utilities</Filter>
    </ClInclude>
    <ClInclude Include="Pow.h">
      <Filter>Constexpr\math</Filter>
    </ClInclude>
    <ClInclude Include="VectorUtilities.h">
      <Filter>BaseEngine\Math\Vector</Filter>
    </ClInclude>
    <ClInclude Include="TupleHasElement.h">
      <Filter>Utilities\Extensions\Tuple</Filter>
    </ClInclude>
    <ClInclude Include="include\utilities\observable\ReactiveProperty.h">
      <Filter>Utilities\Observable</Filter>
    </ClInclude>
    <ClInclude Include="include\utilities\observable\Subject.h">
      <Filter>Utilities\Observable</Filter>
    </ClInclude>
    <ClInclude Include="include\utilities\observable\Unit.h">
      <Filter>Utilities\Observable</Filter>
    </ClInclude>
    <ClInclude Include="include\utilities\observable\IObservable.h">
      <Filter>Utilities\Observable</Filter>
    </ClInclude>
    <ClInclude Include="include\utilities\observable\IObserver.h">
      <Filter>Utilities\Observable</Filter>
    </ClInclude>
    <ClInclude Include="ParameterMap.h">
      <Filter>Utilities\Extensions\Map</Filter>
    </ClInclude>
    <ClInclude Include="Object.h">
      <Filter>BaseEngine\Object</Filter>
    </ClInclude>
    <ClInclude Include="ObjectID.h">
      <Filter>BaseEngine\Object</Filter>
    </ClInclude>
    <ClInclude Include="ObjectDataBase.h">
      <Filter>BaseEngine\Object\ObjectDataBase</Filter>
    </ClInclude>
    <ClInclude Include="WeakRefObject.h">
      <Filter>BaseEngine\Object</Filter>
    </ClInclude>
    <ClInclude Include="Frozen.h">
      <Filter>Utilities\Frozen</Filter>
    </ClInclude>
    <ClInclude Include="BinaryArchive.h">
      <Filter>Utilities\Frozen\Archive</Filter>
    </ClInclude>
    <ClInclude Include="FrozenConcept.h">
      <Filter>Utilities\Frozen\Detail</Filter>
    </ClInclude>
    <ClInclude Include="FrozenHelper.h">
      <Filter>Utilities\Frozen\Detail</Filter>
    </ClInclude>
    <ClInclude Include="FrozenMacro.h">
      <Filter>Utilities\Frozen</Filter>
    </ClInclude>
    <ClInclude Include="EnumExtension.h">
      <Filter>Utilities\Extensions\Enum</Filter>
    </ClInclude>
    <ClInclude Include="IBaseEngineRender.h">
      <Filter>BaseEngine\Render\CameraBaseRenderer</Filter>
    </ClInclude>
    <ClInclude Include="RenderMof.h">
      <Filter>BaseEngine\Render\CameraBaseRenderer</Filter>
    </ClInclude>
    <ClInclude Include="IBaseEngineCanvasRender.h">
      <Filter>BaseEngine\Render\CanvasRenderer</Filter>
    </ClInclude>
    <ClInclude Include="CanvasRender.h">
      <Filter>BaseEngine\Render\CanvasRenderer</Filter>
    </ClInclude>
    <ClInclude Include="VectorFrozen.h">
      <Filter>Utilities\Frozen\Types</Filter>
    </ClInclude>
    <ClInclude Include="StringFrozen.h">
      <Filter>Utilities\Frozen\Types</Filter>
    </ClInclude>
    <ClInclude Include="VariantUtilities.h">
      <Filter>Utilities\Extensions\Variant</Filter>
    </ClInclude>
    <ClInclude Include="Point2d.h">
      <Filter>BaseEngine\Math\Point</Filter>
    </ClInclude>
    <ClInclude Include="VariantFrozen.h">
      <Filter>Utilities\Frozen\Types</Filter>
    </ClInclude>
    <ClInclude Include="Point2dFrozen.h">
      <Filter>BaseEngine\Utilities\FrozenExtension\Types</Filter>
    </ClInclude>
    <ClInclude Include="SpriteAnimationClipFrozen.h">
      <Filter>BaseEngine\Utilities\FrozenExtension\Types</Filter>
    </ClInclude>
    <ClInclude Include="EnumFlags.h">
      <Filter>Utilities\Extensions\Enum</Filter>
    </ClInclude>
    <ClInclude Include="resource1.h">
      <Filter>ヘッダー ファイル</Filter>
    </ClInclude>
    <ClInclude Include="ShaderBase.h">
      <Filter>BaseEngine\Shader</Filter>
    </ClInclude>
    <ClInclude Include="MofShader.h">
      <Filter>BaseEngine\Shader\MofShader</Filter>
    </ClInclude>
    <ClInclude Include="MofShaderImpl.h">
      <Filter>BaseEngine\Shader\MofShader\Private</Filter>
    </ClInclude>
    <ClInclude Include="EffectBase.h">
      <Filter>BaseEngine\Shader\Effect</Filter>
    </ClInclude>
    <ClInclude Include="ApplyTuple.h">
      <Filter>Utilities\Extensions\Tuple</Filter>
    </ClInclude>
    <ClInclude Include="PairFrozen.h">
      <Filter>ヘッダー ファイル</Filter>
    </ClInclude>
    <ClInclude Include="TextArchive.h">
      <Filter>ヘッダー ファイル</Filter>
    </ClInclude>
    <ClInclude Include="TextArchive.h">
      <Filter>Utilities\Frozen\Archive</Filter>
    </ClInclude>
    <ClInclude Include="PairFrozen.h">
      <Filter>Utilities\Frozen\Types</Filter>
    </ClInclude>
    <ClInclude Include="Becs\becs.hpp">
      <Filter>Utilities\Becs</Filter>
    </ClInclude>
    <ClInclude Include="Becs\Traits\Traits.h">
      <Filter>Utilities\Becs\Traits</Filter>
    </ClInclude>
    <ClInclude Include="Scene.h">
      <Filter>BaseEngine\Scene</Filter>
    </ClInclude>
    <ClInclude Include="UUID.h">
      <Filter>BaseEngine\Core\UUID</Filter>
    </ClInclude>
    <ClInclude Include="ObjectEntity.h">
      <Filter>BaseEngine\Scene\Entity</Filter>
    </ClInclude>
    <ClInclude Include="Matrix.h">
      <Filter>BaseEngine\Math\Matrix</Filter>
    </ClInclude>
    <ClInclude Include="Matrix44.h">
      <Filter>BaseEngine\Math\Matrix\Matrix44</Filter>
    </ClInclude>
    <ClInclude Include="DependenciesDefine.h">
      <Filter>BaseEngine\Core\Dependencies</Filter>
    </ClInclude>
    <ClInclude Include="Math.h">
      <Filter>BaseEngine\Math</Filter>
    </ClInclude>
    <ClInclude Include="Assert.h">
      <Filter>BaseEngine\Core\Macros\Assert</Filter>
    </ClInclude>
    <ClInclude Include="Log.h">
      <Filter>BaseEngine\Core\Log</Filter>
    </ClInclude>
    <ClInclude Include="Asset.h">
      <Filter>BaseEngine\Asset</Filter>
    </ClInclude>
    <ClInclude Include="Ref.h">
      <Filter>BaseEngine\Core\template\Ref</Filter>
    </ClInclude>
    <ClInclude Include="AssetTypes.h">
      <Filter>BaseEngine\Asset</Filter>
    </ClInclude>
    <ClInclude Include="Becs\Delegate.h">
      <Filter>Utilities\Becs\Signal</Filter>
    </ClInclude>
    <ClInclude Include="Becs\config.h">
      <Filter>Utilities\Becs\Core</Filter>
    </ClInclude>
    <ClInclude Include="Becs\Entity.h">
      <Filter>Utilities\Becs\Core</Filter>
    </ClInclude>
    <ClInclude Include="Becs\Registry.h">
      <Filter>Utilities\Becs\Core</Filter>
    </ClInclude>
    <ClInclude Include="Becs\TypeTraits.h">
      <Filter>Utilities\Becs\Core</Filter>
    </ClInclude>
    <ClInclude Include="Becs\SignalHandle.h">
      <Filter>Utilities\Becs\Signal</Filter>
    </ClInclude>
    <ClInclude Include="Becs\SparseSet.h">
      <Filter>Utilities\Becs\Entity</Filter>
    </ClInclude>
    <ClInclude Include="Becs\View.h">
      <Filter>Utilities\Becs\Entity</Filter>
    </ClInclude>
    <ClInclude Include="Becs\EntityFwd.h">
      <Filter>Utilities\Becs\Entity</Filter>
    </ClInclude>
    <ClInclude Include="Becs\BecsIterator.h">
      <Filter>Utilities\Becs\Core</Filter>
    </ClInclude>
    <ClInclude Include="Becs\TypeInfo.h">
      <Filter>Utilities\Becs\Core</Filter>
    </ClInclude>
    <ClInclude Include="Becs\HashedString.h">
      <Filter>Utilities\Becs\Core</Filter>
    </ClInclude>
    <ClInclude Include="Becs\Algorithm.h">
      <Filter>Utilities\Becs\Core</Filter>
    </ClInclude>
    <ClInclude Include="Becs\Storage.h">
      <Filter>Utilities\Becs\Entity</Filter>
    </ClInclude>
    <ClInclude Include="Becs\BecsComponent.h">
      <Filter>Utilities\Becs\Entity</Filter>
    </ClInclude>
    <ClInclude Include="Becs\SignalHandlerMixin.h">
      <Filter>Utilities\Becs\Entity</Filter>
    </ClInclude>
    <ClInclude Include="DataComponents.h">
      <Filter>BaseEngine\DataComponents</Filter>
    </ClInclude>
    <ClInclude Include="IdComponent.h">
      <Filter>BaseEngine\DataComponents\Components</Filter>
    </ClInclude>
    <ClInclude Include="TagComponent.h">
      <Filter>BaseEngine\DataComponents\Components</Filter>
    </ClInclude>
    <ClInclude Include="HierarchyComponent.h">
      <Filter>BaseEngine\DataComponents\Components</Filter>
    </ClInclude>
    <ClInclude Include="Vector3.h">
      <Filter>BaseEngine\Math\Vector</Filter>
    </ClInclude>
    <ClInclude Include="Quaternion.h">
      <Filter>BaseEngine\Math\Quaternion</Filter>
    </ClInclude>
    <ClInclude Include="QuaternionUtilities.h">
      <Filter>BaseEngine\Math\Quaternion</Filter>
    </ClInclude>
    <ClInclude Include="Matrix33.h">
      <Filter>BaseEngine\Math\Matrix\Matrix33</Filter>
    </ClInclude>
    <ClInclude Include="Matrix44Utilities.h">
      <Filter>BaseEngine\Math\Matrix</Filter>
    </ClInclude>
    <ClInclude Include="QuaternionUtilities.inl">
      <Filter>BaseEngine\Math\Quaternion</Filter>
    </ClInclude>
    <ClInclude Include="MathUtilities.h">
      <Filter>BaseEngine\Math</Filter>
    </ClInclude>
    <ClInclude Include="SpriteRendererComponent.h">
      <Filter>BaseEngine\DataComponents\Components</Filter>
    </ClInclude>
    <ClInclude Include="Vector4.h">
      <Filter>BaseEngine\Math\Vector</Filter>
    </ClInclude>
    <ClInclude Include="SceneRenderer.h">
      <Filter>BaseEngine\Render</Filter>
    </ClInclude>
    <ClInclude Include="AssetManager.h">
      <Filter>BaseEngine\Asset</Filter>
    </ClInclude>
    <ClInclude Include="IBaseEngineAssetManager.h">
      <Filter>BaseEngine\Asset</Filter>
    </ClInclude>
    <ClInclude Include="EditorAssetManager.h">
      <Filter>BaseEngine\Asset\BaseEngineAssetManager</Filter>
    </ClInclude>
    <ClInclude Include="AssetImporter.h">
      <Filter>BaseEngine\Asset\AssetImporter</Filter>
    </ClInclude>
    <ClInclude Include="AssetMetadata.h">
      <Filter>BaseEngine\Asset</Filter>
    </ClInclude>
    <ClInclude Include="AssetSerializer.h">
      <Filter>BaseEngine\Asset</Filter>
    </ClInclude>
    <ClInclude Include="AssetRegistry.h">
      <Filter>BaseEngine\Asset</Filter>
    </ClInclude>
    <ClInclude Include="MonoClassTypeInfo.h">
      <Filter>BaseEngine\Script\CSharpScript</Filter>
    </ClInclude>
    <ClInclude Include="ScriptTypes.h">
      <Filter>BaseEngine\Script</Filter>
    </ClInclude>
    <ClInclude Include="CSharpInstance.h">
      <Filter>BaseEngine\Script\CSharpScript</Filter>
    </ClInclude>
    <ClInclude Include="CSharpScriptEngine.h">
      <Filter>BaseEngine\Script\CSharpScript</Filter>
    </ClInclude>
    <ClInclude Include="MofTexture.h">
      <Filter>BaseEngine\Texture</Filter>
    </ClInclude>
    <ClInclude Include="Texture.h">
      <Filter>BaseEngine\Texture</Filter>
    </ClInclude>
    <ClInclude Include="Script.h">
      <Filter>BaseEngine\Script</Filter>
    </ClInclude>
    <ClInclude Include="ScriptComponent.h">
      <Filter>BaseEngine\DataComponents\Components</Filter>
    </ClInclude>
    <ClInclude Include="MonoGCHandle.h">
      <Filter>BaseEngine\Script\CSharpScript</Filter>
    </ClInclude>
    <ClInclude Include="MonoGCManager.h">
      <Filter>BaseEngine\Script\CSharpScript</Filter>
    </ClInclude>
    <ClInclude Include="MonoScriptCash.h">
      <Filter>BaseEngine\Script\CSharpScript</Filter>
    </ClInclude>
    <ClInclude Include="MonoScriptUtilities.h">
      <Filter>BaseEngine\Script\CSharpScript</Filter>
    </ClInclude>
    <ClInclude Include="MonoGlue.h">
      <Filter>BaseEngine\Script\CSharpScript\Glue</Filter>
    </ClInclude>
    <ClInclude Include="TypeUtilities.h">
      <Filter>BaseEngine\Utilities\Types</Filter>
    </ClInclude>
    <ClInclude Include="TransformGlue.h">
      <Filter>BaseEngine\Script\CSharpScript\Glue\Transform</Filter>
    </ClInclude>
    <ClInclude Include="ManagedComponentStorage.h">
      <Filter>BaseEngine\Script\CSharpScript\Glue</Filter>
    </ClInclude>
    <ClInclude Include="MonoGlueInternalCalls.h">
      <Filter>BaseEngine\Script\CSharpScript\Glue</Filter>
    </ClInclude>
    <ClInclude Include="InputGlue.h">
      <Filter>BaseEngine\Script\CSharpScript\Glue\Input</Filter>
    </ClInclude>
    <ClInclude Include="YAMLArchive.h">
      <Filter>Utilities\Frozen\Archive</Filter>
    </ClInclude>
    <ClInclude Include="AudioComponent.h">
      <Filter>BaseEngine\DataComponents\Components</Filter>
    </ClInclude>
    <ClInclude Include="Audio.h">
      <Filter>BaseEngine\Audio</Filter>
    </ClInclude>
    <ClInclude Include="MofAudio.h">
      <Filter>BaseEngine\Audio\Mof</Filter>
    </ClInclude>
    <ClInclude Include="SoundBuffer.h">
      <Filter>BaseEngine\Audio</Filter>
    </ClInclude>
    <ClInclude Include="MofSoundBuffer.h">
      <Filter>BaseEngine\Audio\Mof</Filter>
    </ClInclude>
    <ClInclude Include="IBaseEngineAudioEngine.h">
      <Filter>BaseEngine\Audio</Filter>
    </ClInclude>
    <ClInclude Include="MofAudioEngine.h">
      <Filter>BaseEngine\Audio\Mof</Filter>
    </ClInclude>
    <ClInclude Include="AudioGlue.h">
      <Filter>BaseEngine\Script\CSharpScript\Glue\Audio</Filter>
    </ClInclude>
    <ClInclude Include="SceneGlue.h">
      <Filter>BaseEngine\Script\CSharpScript\Glue\Scene</Filter>
    </ClInclude>
    <ClInclude Include="TextureGlue.h">
      <Filter>BaseEngine\Script\CSharpScript\Glue\Texture</Filter>
    </ClInclude>
    <ClInclude Include="SpriteRendererGlue.h">
      <Filter>BaseEngine\Script\CSharpScript\Glue\Sprite</Filter>
    </ClInclude>
    <ClInclude Include="EntityGlue.h">
      <Filter>BaseEngine\Script\CSharpScript\Glue\Entity</Filter>
    </ClInclude>
    <ClInclude Include="MonoGlueMacro.h">
      <Filter>BaseEngine\Script\CSharpScript\Glue</Filter>
    </ClInclude>
    <ClInclude Include="ScriptGlue.h">
      <Filter>BaseEngine\Script\CSharpScript\Glue\Script</Filter>
    </ClInclude>
    <ClInclude Include="TransformComponent.h">
      <Filter>BaseEngine\DataComponents\Components\TransformComponent</Filter>
    </ClInclude>
    <ClInclude Include="Profiler.h">
      <Filter>BaseEngine\Debug</Filter>
    </ClInclude>
    <ClInclude Include="ShapeComponents.h">
      <Filter>BaseEngine\physics\ECS\Components</Filter>
    </ClInclude>
    <ClInclude Include="PhysicsObjectFactory.h">
      <Filter>BaseEngine\physics\ECS\Service</Filter>
    </ClInclude>
    <ClInclude Include="VelocityComponent.h">
      <Filter>BaseEngine\physics\ECS\Components</Filter>
    </ClInclude>
    <ClInclude Include="RigidBodyComponent.h">
      <Filter>BaseEngine\physics\ECS\Components</Filter>
    </ClInclude>
    <ClInclude Include="BodyMask.h">
      <Filter>BaseEngine\physics\ECS\Components</Filter>
    </ClInclude>
    <ClInclude Include="BoundingBox.h">
      <Filter>BaseEngine\physics\ECS\Components</Filter>
    </ClInclude>
    <ClInclude Include="BodyTypeTag.h">
      <Filter>BaseEngine\physics\ECS\Components</Filter>
    </ClInclude>
    <ClInclude Include="AbstractPhysicsSystem.h">
      <Filter>BaseEngine\physics\ECS\System</Filter>
    </ClInclude>
    <ClInclude Include="IBecsSystem.h">
      <Filter>BaseEngine\Core\ECS</Filter>
    </ClInclude>
    <ClInclude Include="ApplyStaticGravitySystem.h">
      <Filter>BaseEngine\physics\ECS\System\Force</Filter>
    </ClInclude>
    <ClInclude Include="IntegratePosesSystem.h">
      <Filter>BaseEngine\physics\ECS\System\Force</Filter>
    </ClInclude>
    <ClInclude Include="UpdateBV.h">
      <Filter>BaseEngine\physics\ECS\System\BoundingVolume</Filter>
    </ClInclude>
    <ClInclude Include="UpdateCirclesBV.h">
      <Filter>BaseEngine\physics\ECS\System\BoundingVolume</Filter>
    </ClInclude>
    <ClInclude Include="BroadPhaseSystem.h">
      <Filter>BaseEngine\physics\ECS\System\BroadPhase</Filter>
    </ClInclude>
    <ClInclude Include="ContactTesterReferenceService.h">
      <Filter>BaseEngine\physics\ECS\Service</Filter>
    </ClInclude>
    <ClInclude Include="PhysicsEngineData.h">
      <Filter>BaseEngine\physics\ECS</Filter>
    </ClInclude>
    <ClInclude Include="PhysicsData.h">
      <Filter>BaseEngine\physics\ECS\Service</Filter>
    </ClInclude>
    <ClInclude Include="ContactTesterSystem.h">
      <Filter>BaseEngine\physics\ECS\System\NarrowPhase</Filter>
    </ClInclude>
    <ClInclude Include="ContactTesterCircleCircle.h">
      <Filter>BaseEngine\physics\ECS\System\NarrowPhase</Filter>
    </ClInclude>
    <ClInclude Include="PossibleContact.h">
      <Filter>BaseEngine\physics\ECS\Components\Events</Filter>
    </ClInclude>
    <ClInclude Include="ContactSolverReferenceService.h">
      <Filter>BaseEngine\physics\ECS\Service</Filter>
    </ClInclude>
    <ClInclude Include="SolveContact.h">
      <Filter>BaseEngine\physics\ECS\Components\Events</Filter>
    </ClInclude>
    <ClInclude Include="ContactSolverSystem.h">
      <Filter>BaseEngine\physics\ECS\System\SolverPhase</Filter>
    </ClInclude>
    <ClInclude Include="PhysicsTesterCommon.h">
      <Filter>BaseEngine\physics\ECS\Service</Filter>
    </ClInclude>
    <ClInclude Include="DynamicContactSolver.h">
      <Filter>BaseEngine\physics\ECS\System\SolverPhase</Filter>
    </ClInclude>
    <ClInclude Include="PhysicsSolversCommon.h">
      <Filter>BaseEngine\physics\ECS\Service</Filter>
    </ClInclude>
    <ClInclude Include="OnCollisionTag.h">
      <Filter>BaseEngine\physics\ECS\Components\Events</Filter>
    </ClInclude>
    <ClInclude Include="PhysicsContactListenerSystem.h">
      <Filter>BaseEngine\physics\ECS\System\ListenerPhase</Filter>
    </ClInclude>
    <ClInclude Include="DebugGlue.h">
      <Filter>BaseEngine\Script\CSharpScript\Glue\Debug</Filter>
    </ClInclude>
    <ClInclude Include="CollisionGlue.h">
      <Filter>BaseEngine\Script\CSharpScript\Glue\Collision</Filter>
    </ClInclude>
    <ClInclude Include="SceneAssetSerializer.h">
      <Filter>BaseEngine\Scene</Filter>
    </ClInclude>
    <ClInclude Include="SceneSerializer.h">
      <Filter>BaseEngine\Scene\Serializer</Filter>
    </ClInclude>
    <ClInclude Include="..\vendor\yaml-cpp\include\yaml-cpp\contrib\anchordict.h">
      <Filter>Vendor\yaml-cpp\include</Filter>
    </ClInclude>
    <ClInclude Include="..\vendor\yaml-cpp\include\yaml-cpp\contrib\graphbuilder.h">
      <Filter>Vendor\yaml-cpp\include</Filter>
    </ClInclude>
    <ClInclude Include="..\vendor\yaml-cpp\include\yaml-cpp\node\convert.h">
      <Filter>Vendor\yaml-cpp\include</Filter>
    </ClInclude>
    <ClInclude Include="..\vendor\yaml-cpp\include\yaml-cpp\node\detail\impl.h">
      <Filter>Vendor\yaml-cpp\include</Filter>
    </ClInclude>
    <ClInclude Include="..\vendor\yaml-cpp\include\yaml-cpp\node\detail\iterator.h">
      <Filter>Vendor\yaml-cpp\include</Filter>
    </ClInclude>
    <ClInclude Include="..\vendor\yaml-cpp\include\yaml-cpp\node\detail\iterator_fwd.h">
      <Filter>Vendor\yaml-cpp\include</Filter>
    </ClInclude>
    <ClInclude Include="..\vendor\yaml-cpp\include\yaml-cpp\node\detail\memory.h">
      <Filter>Vendor\yaml-cpp\include</Filter>
    </ClInclude>
    <ClInclude Include="..\vendor\yaml-cpp\include\yaml-cpp\node\detail\node.h">
      <Filter>Vendor\yaml-cpp\include</Filter>
    </ClInclude>
    <ClInclude Include="..\vendor\yaml-cpp\include\yaml-cpp\node\detail\node_data.h">
      <Filter>Vendor\yaml-cpp\include</Filter>
    </ClInclude>
    <ClInclude Include="..\vendor\yaml-cpp\include\yaml-cpp\node\detail\node_iterator.h">
      <Filter>Vendor\yaml-cpp\include</Filter>
    </ClInclude>
    <ClInclude Include="..\vendor\yaml-cpp\include\yaml-cpp\node\detail\node_ref.h">
      <Filter>Vendor\yaml-cpp\include</Filter>
    </ClInclude>
    <ClInclude Include="..\vendor\yaml-cpp\include\yaml-cpp\node\emit.h">
      <Filter>Vendor\yaml-cpp\include</Filter>
    </ClInclude>
    <ClInclude Include="..\vendor\yaml-cpp\include\yaml-cpp\node\impl.h">
      <Filter>Vendor\yaml-cpp\include</Filter>
    </ClInclude>
    <ClInclude Include="..\vendor\yaml-cpp\include\yaml-cpp\node\iterator.h">
      <Filter>Vendor\yaml-cpp\include</Filter>
    </ClInclude>
    <ClInclude Include="..\vendor\yaml-cpp\include\yaml-cpp\node\node.h">
      <Filter>Vendor\yaml-cpp\include</Filter>
    </ClInclude>
    <ClInclude Include="..\vendor\yaml-cpp\include\yaml-cpp\node\parse.h">
      <Filter>Vendor\yaml-cpp\include</Filter>
    </ClInclude>
    <ClInclude Include="..\vendor\yaml-cpp\include\yaml-cpp\node\ptr.h">
      <Filter>Vendor\yaml-cpp\include</Filter>
    </ClInclude>
    <ClInclude Include="..\vendor\yaml-cpp\include\yaml-cpp\node\type.h">
      <Filter>Vendor\yaml-cpp\include</Filter>
    </ClInclude>
    <ClInclude Include="..\vendor\yaml-cpp\include\yaml-cpp\anchor.h">
      <Filter>Vendor\yaml-cpp\include</Filter>
    </ClInclude>
    <ClInclude Include="..\vendor\yaml-cpp\include\yaml-cpp\binary.h">
      <Filter>Vendor\yaml-cpp\include</Filter>
    </ClInclude>
    <ClInclude Include="..\vendor\yaml-cpp\include\yaml-cpp\depthguard.h">
      <Filter>Vendor\yaml-cpp\include</Filter>
    </ClInclude>
    <ClInclude Include="..\vendor\yaml-cpp\include\yaml-cpp\dll.h">
      <Filter>Vendor\yaml-cpp\include</Filter>
    </ClInclude>
    <ClInclude Include="..\vendor\yaml-cpp\include\yaml-cpp\emitfromevents.h">
      <Filter>Vendor\yaml-cpp\include</Filter>
    </ClInclude>
    <ClInclude Include="..\vendor\yaml-cpp\include\yaml-cpp\emitter.h">
      <Filter>Vendor\yaml-cpp\include</Filter>
    </ClInclude>
    <ClInclude Include="..\vendor\yaml-cpp\include\yaml-cpp\emitterdef.h">
      <Filter>Vendor\yaml-cpp\include</Filter>
    </ClInclude>
    <ClInclude Include="..\vendor\yaml-cpp\include\yaml-cpp\emittermanip.h">
      <Filter>Vendor\yaml-cpp\include</Filter>
    </ClInclude>
    <ClInclude Include="..\vendor\yaml-cpp\include\yaml-cpp\emitterstyle.h">
      <Filter>Vendor\yaml-cpp\include</Filter>
    </ClInclude>
    <ClInclude Include="..\vendor\yaml-cpp\include\yaml-cpp\eventhandler.h">
      <Filter>Vendor\yaml-cpp\include</Filter>
    </ClInclude>
    <ClInclude Include="..\vendor\yaml-cpp\include\yaml-cpp\exceptions.h">
      <Filter>Vendor\yaml-cpp\include</Filter>
    </ClInclude>
    <ClInclude Include="..\vendor\yaml-cpp\include\yaml-cpp\mark.h">
      <Filter>Vendor\yaml-cpp\include</Filter>
    </ClInclude>
    <ClInclude Include="..\vendor\yaml-cpp\include\yaml-cpp\noexcept.h">
      <Filter>Vendor\yaml-cpp\include</Filter>
    </ClInclude>
    <ClInclude Include="..\vendor\yaml-cpp\include\yaml-cpp\null.h">
      <Filter>Vendor\yaml-cpp\include</Filter>
    </ClInclude>
    <ClInclude Include="..\vendor\yaml-cpp\include\yaml-cpp\ostream_wrapper.h">
      <Filter>Vendor\yaml-cpp\include</Filter>
    </ClInclude>
    <ClInclude Include="..\vendor\yaml-cpp\include\yaml-cpp\parser.h">
      <Filter>Vendor\yaml-cpp\include</Filter>
    </ClInclude>
    <ClInclude Include="..\vendor\yaml-cpp\include\yaml-cpp\stlemitter.h">
      <Filter>Vendor\yaml-cpp\include</Filter>
    </ClInclude>
    <ClInclude Include="..\vendor\yaml-cpp\include\yaml-cpp\traits.h">
      <Filter>Vendor\yaml-cpp\include</Filter>
    </ClInclude>
    <ClInclude Include="..\vendor\yaml-cpp\include\yaml-cpp\yaml.h">
      <Filter>Vendor\yaml-cpp\include</Filter>
    </ClInclude>
    <ClInclude Include="..\vendor\yaml-cpp\src\collectionstack.h">
      <Filter>Vendor\yaml-cpp\src</Filter>
    </ClInclude>
    <ClInclude Include="..\vendor\yaml-cpp\src\directives.h">
      <Filter>Vendor\yaml-cpp\src</Filter>
    </ClInclude>
    <ClInclude Include="..\vendor\yaml-cpp\src\emitterstate.h">
      <Filter>Vendor\yaml-cpp\src</Filter>
    </ClInclude>
    <ClInclude Include="..\vendor\yaml-cpp\src\emitterutils.h">
      <Filter>Vendor\yaml-cpp\src</Filter>
    </ClInclude>
    <ClInclude Include="..\vendor\yaml-cpp\src\exp.h">
      <Filter>Vendor\yaml-cpp\src</Filter>
    </ClInclude>
    <ClInclude Include="..\vendor\yaml-cpp\src\indentation.h">
      <Filter>Vendor\yaml-cpp\src</Filter>
    </ClInclude>
    <ClInclude Include="..\vendor\yaml-cpp\src\nodebuilder.h">
      <Filter>Vendor\yaml-cpp\src</Filter>
    </ClInclude>
    <ClInclude Include="..\vendor\yaml-cpp\src\nodeevents.h">
      <Filter>Vendor\yaml-cpp\src</Filter>
    </ClInclude>
    <ClInclude Include="..\vendor\yaml-cpp\src\ptr_vector.h">
      <Filter>Vendor\yaml-cpp\src</Filter>
    </ClInclude>
    <ClInclude Include="..\vendor\yaml-cpp\src\regex_yaml.h">
      <Filter>Vendor\yaml-cpp\src</Filter>
    </ClInclude>
    <ClInclude Include="..\vendor\yaml-cpp\src\regeximpl.h">
      <Filter>Vendor\yaml-cpp\src</Filter>
    </ClInclude>
    <ClInclude Include="..\vendor\yaml-cpp\src\scanner.h">
      <Filter>Vendor\yaml-cpp\src</Filter>
    </ClInclude>
    <ClInclude Include="..\vendor\yaml-cpp\src\scanscalar.h">
      <Filter>Vendor\yaml-cpp\src</Filter>
    </ClInclude>
    <ClInclude Include="..\vendor\yaml-cpp\src\scantag.h">
      <Filter>Vendor\yaml-cpp\src</Filter>
    </ClInclude>
    <ClInclude Include="..\vendor\yaml-cpp\src\setting.h">
      <Filter>Vendor\yaml-cpp\src</Filter>
    </ClInclude>
    <ClInclude Include="..\vendor\yaml-cpp\src\singledocparser.h">
      <Filter>Vendor\yaml-cpp\src</Filter>
    </ClInclude>
    <ClInclude Include="..\vendor\yaml-cpp\src\stream.h">
      <Filter>Vendor\yaml-cpp\src</Filter>
    </ClInclude>
    <ClInclude Include="..\vendor\yaml-cpp\src\streamcharsource.h">
      <Filter>Vendor\yaml-cpp\src</Filter>
    </ClInclude>
    <ClInclude Include="..\vendor\yaml-cpp\src\stringsource.h">
      <Filter>Vendor\yaml-cpp\src</Filter>
    </ClInclude>
    <ClInclude Include="..\vendor\yaml-cpp\src\tag.h">
      <Filter>Vendor\yaml-cpp\src</Filter>
    </ClInclude>
    <ClInclude Include="..\vendor\yaml-cpp\src\token.h">
      <Filter>Vendor\yaml-cpp\src</Filter>
    </ClInclude>
    <ClInclude Include="..\vendor\yaml-cpp\src\contrib\graphbuilderadapter.h">
      <Filter>Vendor\yaml-cpp\src</Filter>
    </ClInclude>
    <ClInclude Include="YAMLSerializeHelper.h">
      <Filter>BaseEngine\Scene\Serializer\SerializeHelper</Filter>
    </ClInclude>
    <ClInclude Include="SetupEditorImGui.h">
      <Filter>BaseEngine\Editor\ImGui</Filter>
    </ClInclude>
    <ClInclude Include="EditorLayer.h">
      <Filter>BaseEngine\Editor</Filter>
    </ClInclude>
    <ClInclude Include="ILayer.h">
      <Filter>BaseEngine\Editor</Filter>
    </ClInclude>
    <ClInclude Include="EditorPanel.h">
      <Filter>BaseEngine\Editor\Panel</Filter>
    </ClInclude>
    <ClInclude Include="Callable.h">
      <Filter>BaseEngine\Core\Callable</Filter>
    </ClInclude>
    <ClInclude Include="MethodBind.h">
      <Filter>BaseEngine\Core\Callable</Filter>
    </ClInclude>
    <ClInclude Include="Connection.h">
      <Filter>BaseEngine\Core\Callable</Filter>
    </ClInclude>
    <ClInclude Include="ConnectableObject.h">
      <Filter>BaseEngine\Core\Callable</Filter>
    </ClInclude>
    <ClInclude Include="BinderCommon.h">
      <Filter>BaseEngine\Core\Callable</Filter>
    </ClInclude>
    <ClInclude Include="EditorPanelManager.h">
      <Filter>BaseEngine\Editor</Filter>
    </ClInclude>
    <ClInclude Include="SelectManager.h">
      <Filter>BaseEngine\Editor\Panel</Filter>
    </ClInclude>
    <ClInclude Include="ImGuiVariantHelper.h">
      <Filter>BaseEngine\Editor\ImGui</Filter>
    </ClInclude>
    <ClInclude Include="ImGuiAssetHelper.h">
      <Filter>BaseEngine\Editor\ImGui</Filter>
    </ClInclude>
    <ClInclude Include="HierarchyPanel.h">
      <Filter>BaseEngine\Editor\Panel\Hierarchy</Filter>
    </ClInclude>
    <ClInclude Include="HierarchyContextMenu.h">
      <Filter>BaseEngine\Editor\Panel\Hierarchy\Popup</Filter>
    </ClInclude>
    <ClInclude Include="IFieldStorage.h">
      <Filter>BaseEngine\Script\CSharpScript</Filter>
    </ClInclude>
    <ClInclude Include="ToolbarPanel.h">
      <Filter>BaseEngine\Editor\Panel\ScenePanel</Filter>
    </ClInclude>
    <ClInclude Include="BaseEngineInput.h">
      <Filter>BaseEngine\Core\Input</Filter>
    </ClInclude>
    <ClInclude Include="ConsolePanel.h">
      <Filter>BaseEngine\Editor\Panel\ConsolePanel</Filter>
    </ClInclude>
    <ClInclude Include="EditorConsoleSink.h">
      <Filter>BaseEngine\Editor\Panel\ConsolePanel</Filter>
    </ClInclude>
    <ClInclude Include="ConsoleMessage.h">
      <Filter>BaseEngine\Editor\Panel\ConsolePanel</Filter>
    </ClInclude>
    <ClInclude Include="Prefab.h">
      <Filter>BaseEngine\Scene\Entity</Filter>
    </ClInclude>
    <ClInclude Include="PrefabComponent.h">
      <Filter>BaseEngine\DataComponents\Components</Filter>
    </ClInclude>
    <ClInclude Include="ImGuiArchive.h">
      <Filter>BaseEngine\Editor\ImGui</Filter>
    </ClInclude>
    <ClInclude Include="AssetsBrowserPanel.h">
      <Filter>BaseEngine\Editor\Panel\AssetsBrowser</Filter>
    </ClInclude>
    <ClInclude Include="AssetsBrowserItems.h">
      <Filter>BaseEngine\Editor\Panel\AssetsBrowser</Filter>
    </ClInclude>
    <ClInclude Include="EditorTextureResource.h">
      <Filter>BaseEngine\Editor</Filter>
    </ClInclude>
    <ClInclude Include="AssetsBrowserSetting.h">
      <Filter>BaseEngine\Editor\Panel\AssetsBrowser</Filter>
    </ClInclude>
    <ClInclude Include="ImGuiUtilities.h">
      <Filter>BaseEngine\Editor\ImGui</Filter>
    </ClInclude>
    <ClInclude Include="FileSystem.h">
      <Filter>BaseEngine\Utilities\FileSystem</Filter>
    </ClInclude>
    <ClInclude Include="ComponentProperty.h">
      <Filter>BaseEngine\DataComponents</Filter>
    </ClInclude>
    <ClInclude Include="ComponentDB.h">
      <Filter>BaseEngine\DataComponents</Filter>
    </ClInclude>
    <ClInclude Include="Variant.h">
      <Filter>BaseEngine\Core\Variant</Filter>
    </ClInclude>
    <ClInclude Include="TestComponent.h">
      <Filter>BaseEngine\DataComponents\Components</Filter>
    </ClInclude>
    <ClInclude Include="InspectorPanel.h">
      <Filter>BaseEngine\Editor\Panel\InspectorPanel</Filter>
    </ClInclude>
    <ClInclude Include="EditorControl.h">
      <Filter>BaseEngine\Editor\Control</Filter>
    </ClInclude>
    <ClInclude Include="EditorLabel.h">
      <Filter>BaseEngine\Editor\Control</Filter>
    </ClInclude>
    <ClInclude Include="EditorProperty.h">
      <Filter>BaseEngine\Editor\Panel\InspectorPanel\Property</Filter>
    </ClInclude>
    <ClInclude Include="EditorProperties.h">
      <Filter>BaseEngine\Editor\Panel\InspectorPanel\Property</Filter>
    </ClInclude>
    <ClInclude Include="EditorCheckBox.h">
      <Filter>BaseEngine\Editor\Control</Filter>
    </ClInclude>
    <ClInclude Include="InspectorUtilities.h">
      <Filter>BaseEngine\Editor\Panel\InspectorPanel</Filter>
    </ClInclude>
    <ClInclude Include="EditorAssetPicker.h">
      <Filter>BaseEngine\Editor\Control</Filter>
    </ClInclude>
    <ClInclude Include="EditorButton.h">
      <Filter>BaseEngine\Editor\Control</Filter>
    </ClInclude>
    <ClInclude Include="EditorDragValueFloat.h">
      <Filter>BaseEngine\Editor\Control\DragValue</Filter>
    </ClInclude>
    <ClInclude Include="EditorDragValueInt.h">
      <Filter>BaseEngine\Editor\Control\DragValue</Filter>
    </ClInclude>
    <ClInclude Include="MenuBarPanel.h">
      <Filter>BaseEngine\Editor\Panel\MenubarPanel</Filter>
    </ClInclude>
    <ClInclude Include="EditorTextBox.h">
      <Filter>BaseEngine\Editor\Control</Filter>
    </ClInclude>
    <ClInclude Include="..\vendor\imgui\misc\cpp\imgui_stdlib.h">
      <Filter>Vendor\ImGui</Filter>
    </ClInclude>
    <ClInclude Include="RigidBodyGlue.h">
      <Filter>BaseEngine\Script\CSharpScript\Glue\RigidBody</Filter>
    </ClInclude>
    <ClInclude Include="ShapesGlue.h">
      <Filter>BaseEngine\Script\CSharpScript\Glue\Shapes</Filter>
    </ClInclude>
    <ClInclude Include="EditorContextMenu.h">
      <Filter>BaseEngine\Editor\Control</Filter>
    </ClInclude>
    <ClInclude Include="InspectorContextMenu.h">
      <Filter>BaseEngine\Editor\Panel\InspectorPanel\Popup</Filter>
    </ClInclude>
    <ClInclude Include="FileDialog.h">
      <Filter>BaseEngine\Utilities\Dialog</Filter>
    </ClInclude>
    <ClInclude Include="FileFilter.h">
      <Filter>BaseEngine\Utilities\Dialog</Filter>
    </ClInclude>
    <ClInclude Include="Becs\CompressedPair.h">
      <Filter>Utilities\Becs\Core</Filter>
    </ClInclude>
    <ClInclude Include="BaseEngineRenderer.h">
      <Filter>BaseEngine\Render</Filter>
    </ClInclude>
    <ClInclude Include="IWindow.h">
      <Filter>BaseEngine\Core\Window</Filter>
    </ClInclude>
    <ClInclude Include="Platform\Windows\Window.h">
      <Filter>BaseEngine\Platform\Windows\Window</Filter>
    </ClInclude>
    <ClInclude Include="RendererContext.h">
      <Filter>BaseEngine\Render</Filter>
    </ClInclude>
    <ClInclude Include="VulkanContext.h">
      <Filter>BaseEngine\Platform\Vulkan\Context</Filter>
    </ClInclude>
    <ClInclude Include="VulkanUtilities.h">
      <Filter>BaseEngine\Platform\Vulkan</Filter>
    </ClInclude>
    <ClInclude Include="VulkanDevice.h">
      <Filter>BaseEngine\Platform\Vulkan\Device</Filter>
    </ClInclude>
    <ClInclude Include="VulkanRendererContext.h">
      <Filter>BaseEngine\Platform\Vulkan</Filter>
    </ClInclude>
    <ClInclude Include="VulkanSwapChain.h">
      <Filter>BaseEngine\Platform\Vulkan\SwapChain</Filter>
    </ClInclude>
    <ClInclude Include="RendererApi.h">
      <Filter>BaseEngine\Render</Filter>
    </ClInclude>
    <ClInclude Include="VulkanRenderer.h">
      <Filter>BaseEngine\Platform\Vulkan</Filter>
    </ClInclude>
    <ClInclude Include="RendererSubmit.h">
      <Filter>BaseEngine\Render</Filter>
    </ClInclude>
    <ClInclude Include="RenderCommandQueue.h">
      <Filter>BaseEngine\Render\RenderCommand</Filter>
    </ClInclude>
    <ClInclude Include="RenderThread.h">
      <Filter>BaseEngine\Render</Filter>
    </ClInclude>
    <ClInclude Include="Thread.h">
      <Filter>BaseEngine\Core\Thread</Filter>
    </ClInclude>
    <ClInclude Include="Application.h">
      <Filter>BaseEngine\Core\Application</Filter>
    </ClInclude>
    <ClInclude Include="VulkanImGuiLayer.h">
      <Filter>BaseEngine\Platform\Vulkan\ImGui</Filter>
    </ClInclude>
    <ClInclude Include="Buffer.h">
      <Filter>BaseEngine\Platform\Vulkan\Buffer</Filter>
    </ClInclude>
    <ClInclude Include="VulkanAllocator.h">
      <Filter>BaseEngine\Platform\Vulkan\Allocator</Filter>
    </ClInclude>
    <ClInclude Include="GPUMemoryStats.h">
      <Filter>BaseEngine\Render</Filter>
    </ClInclude>
    <ClInclude Include="SpriteRenderer.h">
      <Filter>BaseEngine\Platform\Vulkan</Filter>
    </ClInclude>
    <ClInclude Include="VulkanTexture.h">
      <Filter>BaseEngine\Platform\Vulkan\Texture</Filter>
    </ClInclude>
    <ClInclude Include="Material.h">
      <Filter>BaseEngine\Render\Material</Filter>
    </ClInclude>
    <ClInclude Include="Shader.h">
      <Filter>BaseEngine\Render\Shader</Filter>
    </ClInclude>
    <ClInclude Include="VulkanShader.h">
      <Filter>BaseEngine\Platform\Vulkan\Shader</Filter>
    </ClInclude>
    <ClInclude Include="VulkanShaderCompiler.h">
      <Filter>BaseEngine\Platform\Vulkan\ShaderCompiler</Filter>
    </ClInclude>
    <ClInclude Include="VulkanShaderResource.h">
      <Filter>BaseEngine\Platform\Vulkan\Shader</Filter>
    </ClInclude>
    <ClInclude Include="VulkanReflectionData.h">
      <Filter>BaseEngine\Platform\Vulkan\Shader</Filter>
    </ClInclude>
    <ClInclude Include="ShaderPreprocessor.h">
      <Filter>BaseEngine\Platform\Vulkan\Shader</Filter>
    </ClInclude>
    <ClInclude Include="VulkanShaderUtilities.h">
      <Filter>BaseEngine\Platform\Vulkan\Shader</Filter>
    </ClInclude>
    <ClInclude Include="VulkanMaterial.h">
      <Filter>BaseEngine\Platform\Vulkan\Material</Filter>
    </ClInclude>
    <ClInclude Include="DescriptorSetManager.h">
      <Filter>BaseEngine\Platform\Vulkan\DescriptorSetManager</Filter>
    </ClInclude>
    <ClInclude Include="VertexBuffer.h">
      <Filter>BaseEngine\Render\Buffer\Vertex</Filter>
    </ClInclude>
    <ClInclude Include="UniformBuffer.h">
      <Filter>BaseEngine\Render\Buffer\Uniform</Filter>
    </ClInclude>
    <ClInclude Include="UniformBufferSet.h">
      <Filter>BaseEngine\Render\Buffer\Uniform</Filter>
    </ClInclude>
    <ClInclude Include="VulkanVertexBuffer.h">
      <Filter>BaseEngine\Platform\Vulkan\Buffer\Vertex</Filter>
    </ClInclude>
    <ClInclude Include="VulkanUniformBuffer.h">
      <Filter>BaseEngine\Platform\Vulkan\Buffer\Uniform</Filter>
    </ClInclude>
    <ClInclude Include="VulkanUniformBufferSet.h">
      <Filter>BaseEngine\Platform\Vulkan\Buffer\Uniform</Filter>
    </ClInclude>
    <ClInclude Include="RendererTexture.h">
      <Filter>BaseEngine\Render\Texture</Filter>
    </ClInclude>
    <ClInclude Include="Image.h">
      <Filter>BaseEngine\Render\Texture</Filter>
    </ClInclude>
    <ClInclude Include="VulkanImage.h">
      <Filter>BaseEngine\Platform\Vulkan\Texture</Filter>
    </ClInclude>
    <ClInclude Include="VulkanAPI.h">
      <Filter>BaseEngine\Platform\Vulkan</Filter>
    </ClInclude>
    <ClInclude Include="RendererStats.h">
      <Filter>BaseEngine\Render</Filter>
    </ClInclude>
    <ClInclude Include="TextureImporter.h">
      <Filter>BaseEngine\Asset\AssetImporter</Filter>
    </ClInclude>
    <ClInclude Include="RenderCommandBuffer.h">
      <Filter>BaseEngine\Render</Filter>
    </ClInclude>
    <ClInclude Include="VulkanRenderCommandBuffer.h">
      <Filter>BaseEngine\Platform\Vulkan\RenderCommandBuffer</Filter>
    </ClInclude>
    <ClInclude Include="Renderer2D.h">
      <Filter>BaseEngine\Render</Filter>
    </ClInclude>
    <ClInclude Include="Pipeline.h">
      <Filter>BaseEngine\Render\Pipeline</Filter>
    </ClInclude>
    <ClInclude Include="RenderPass.h">
      <Filter>BaseEngine\Render\Pipeline</Filter>
    </ClInclude>
    <ClInclude Include="VulkanRenderPass.h">
      <Filter>BaseEngine\Platform\Vulkan\Pipeline</Filter>
    </ClInclude>
    <ClInclude Include="VulkanRenderPipeline.h">
      <Filter>BaseEngine\Platform\Vulkan\Pipeline</Filter>
    </ClInclude>
    <ClInclude Include="FrameBuffer.h">
      <Filter>BaseEngine\Render\Buffer\Frame</Filter>
    </ClInclude>
    <ClInclude Include="VulkanFrameBuffer.h">
      <Filter>BaseEngine\Platform\Vulkan\Buffer\Frame</Filter>
    </ClInclude>
    <ClInclude Include="StorageBuffer.h">
      <Filter>BaseEngine\Render\Buffer\Storage</Filter>
    </ClInclude>
    <ClInclude Include="IndexBuffer.h">
      <Filter>BaseEngine\Render\Buffer\Index</Filter>
    </ClInclude>
    <ClInclude Include="VulkanIndexBuffer.h">
      <Filter>BaseEngine\Platform\Vulkan\Buffer\Index</Filter>
    </ClInclude>
    <ClInclude Include="Camera.h">
      <Filter>BaseEngine\Render\Camera</Filter>
    </ClInclude>
    <ClInclude Include="EditorCamera.h">
      <Filter>BaseEngine\Editor\Camera</Filter>
    </ClInclude>
    <ClInclude Include="BEAudio.h">
      <Filter>BaseEngine\Audio\BEAudio</Filter>
    </ClInclude>
    <ClInclude Include="BEAudioEngine.h">
      <Filter>BaseEngine\Audio\BEAudio</Filter>
    </ClInclude>
    <ClInclude Include="BESoundBuffer.h">
      <Filter>BaseEngine\Audio\BEAudio</Filter>
    </ClInclude>
  </ItemGroup>
  <ItemGroup>
    <Text Include="LICENSE">
      <Filter>BaseEngine\Utilities</Filter>
    </Text>
  </ItemGroup>
  <ItemGroup>
    <None Include="cpp.hint" />
    <None Include="packages.config" />
  </ItemGroup>
  <ItemGroup>
    <ResourceCompile Include="Sample.rc">
      <Filter>リソース ファイル</Filter>
    </ResourceCompile>
  </ItemGroup>
  <ItemGroup>
    <Image Include="..\Resource\icon.ico">
      <Filter>リソース ファイル</Filter>
    </Image>
  </ItemGroup>
</Project>